// !$*UTF8*$!
{
	archiveVersion = 1;
	classes = {
	};
	objectVersion = 46;
	objects = {

/* Begin PBXBuildFile section */
		2A1CFB971BFF706D00C7A111 /* Timeline.swift in Sources */ = {isa = PBXBuildFile; fileRef = 2A1CFB961BFF706D00C7A111 /* Timeline.swift */; };
		2A1CFB991BFF70FD00C7A111 /* TimelineTests.swift in Sources */ = {isa = PBXBuildFile; fileRef = 2A1CFB981BFF70FD00C7A111 /* TimelineTests.swift */; };
		2A1CFB9B1BFFB2BD00C7A111 /* SnapshotTimeline.swift in Sources */ = {isa = PBXBuildFile; fileRef = 2A1CFB9A1BFFB2BD00C7A111 /* SnapshotTimeline.swift */; };
		2A1CFB9D1BFFB99600C7A111 /* SnapshotTimelineTests.swift in Sources */ = {isa = PBXBuildFile; fileRef = 2A1CFB9C1BFFB99600C7A111 /* SnapshotTimelineTests.swift */; };
		2A73EAB31C053336009594E6 /* MetalViewController.swift in Sources */ = {isa = PBXBuildFile; fileRef = 2A73EAB21C053336009594E6 /* MetalViewController.swift */; };
		2A73EAB51C053808009594E6 /* SimpleShader.metal in Sources */ = {isa = PBXBuildFile; fileRef = 2A73EAB41C053808009594E6 /* SimpleShader.metal */; };
		2AD5C5151BFC008500215D44 /* AppDelegate.swift in Sources */ = {isa = PBXBuildFile; fileRef = 2AD5C5141BFC008500215D44 /* AppDelegate.swift */; };
		2AD5C5171BFC008500215D44 /* ViewController.swift in Sources */ = {isa = PBXBuildFile; fileRef = 2AD5C5161BFC008500215D44 /* ViewController.swift */; };
		2AD5C51A1BFC008500215D44 /* Main.storyboard in Resources */ = {isa = PBXBuildFile; fileRef = 2AD5C5181BFC008500215D44 /* Main.storyboard */; };
		2AD5C51C1BFC008500215D44 /* Assets.xcassets in Resources */ = {isa = PBXBuildFile; fileRef = 2AD5C51B1BFC008500215D44 /* Assets.xcassets */; };
		2AD5C51F1BFC008500215D44 /* LaunchScreen.storyboard in Resources */ = {isa = PBXBuildFile; fileRef = 2AD5C51D1BFC008500215D44 /* LaunchScreen.storyboard */; };
		2AD5C52A1BFC008500215D44 /* PenAndInkTests.swift in Sources */ = {isa = PBXBuildFile; fileRef = 2AD5C5291BFC008500215D44 /* PenAndInkTests.swift */; };
		2AD5C5351BFC008500215D44 /* PenAndInkUITests.swift in Sources */ = {isa = PBXBuildFile; fileRef = 2AD5C5341BFC008500215D44 /* PenAndInkUITests.swift */; };
		2AD5C5451BFC00C500215D44 /* Renderer.swift in Sources */ = {isa = PBXBuildFile; fileRef = 2AD5C5441BFC00C500215D44 /* Renderer.swift */; };
		2AD5C5471BFC010800215D44 /* Drawable.swift in Sources */ = {isa = PBXBuildFile; fileRef = 2AD5C5461BFC010800215D44 /* Drawable.swift */; };
		2AD5C5491BFC013D00215D44 /* FixedPenStroke.swift in Sources */ = {isa = PBXBuildFile; fileRef = 2AD5C5481BFC013D00215D44 /* FixedPenStroke.swift */; };
		2AD5C54B1BFC015F00215D44 /* Drawing.swift in Sources */ = {isa = PBXBuildFile; fileRef = 2AD5C54A1BFC015F00215D44 /* Drawing.swift */; };
		2AD5C54D1BFC017F00215D44 /* StrokePoint.swift in Sources */ = {isa = PBXBuildFile; fileRef = 2AD5C54C1BFC017F00215D44 /* StrokePoint.swift */; };
		2AD5C54F1BFC01A400215D44 /* Snapshot.swift in Sources */ = {isa = PBXBuildFile; fileRef = 2AD5C54E1BFC01A400215D44 /* Snapshot.swift */; };
		2AD5C5511BFC01CE00215D44 /* TestRenderer.swift in Sources */ = {isa = PBXBuildFile; fileRef = 2AD5C5501BFC01CE00215D44 /* TestRenderer.swift */; };
		2AD5C5531BFC01E600215D44 /* FixedPenStrokeTests.swift in Sources */ = {isa = PBXBuildFile; fileRef = 2AD5C5521BFC01E600215D44 /* FixedPenStrokeTests.swift */; };
		2AD5C5571BFC17D700215D44 /* TestRendererTests.swift in Sources */ = {isa = PBXBuildFile; fileRef = 2AD5C5561BFC17D700215D44 /* TestRendererTests.swift */; };
		2AD5C5591BFD46D500215D44 /* Stroke.swift in Sources */ = {isa = PBXBuildFile; fileRef = 2AD5C5581BFD46D500215D44 /* Stroke.swift */; };
		2AD5C55B1BFD4AE800215D44 /* DrawingTests.swift in Sources */ = {isa = PBXBuildFile; fileRef = 2AD5C55A1BFD4AE800215D44 /* DrawingTests.swift */; };
		2AD5C55F1BFD6DF100215D44 /* UIRenderer.swift in Sources */ = {isa = PBXBuildFile; fileRef = 2AD5C55E1BFD6DF100215D44 /* UIRenderer.swift */; };
		2AD5C5611BFD810800215D44 /* CanvasView.swift in Sources */ = {isa = PBXBuildFile; fileRef = 2AD5C5601BFD810800215D44 /* CanvasView.swift */; };
		2AD5C5651C00CD1700215D44 /* Goals in Resources */ = {isa = PBXBuildFile; fileRef = 2AD5C5641C00CD1700215D44 /* Goals */; };
		2AD5C56B1C0120B600215D44 /* SmoothFixedPenStroke.swift in Sources */ = {isa = PBXBuildFile; fileRef = 2AD5C56A1C0120B600215D44 /* SmoothFixedPenStroke.swift */; };
		2AD5C56F1C0170CD00215D44 /* ActiveDrawing.swift in Sources */ = {isa = PBXBuildFile; fileRef = 2AD5C56E1C0170CD00215D44 /* ActiveDrawing.swift */; };
		2AD5C5711C025D9300215D44 /* CanvasMotionGestureDelegate.swift in Sources */ = {isa = PBXBuildFile; fileRef = 2AD5C5701C025D9300215D44 /* CanvasMotionGestureDelegate.swift */; };
/* End PBXBuildFile section */

/* Begin PBXContainerItemProxy section */
		2AD5C5261BFC008500215D44 /* PBXContainerItemProxy */ = {
			isa = PBXContainerItemProxy;
			containerPortal = 2AD5C5091BFC008400215D44 /* Project object */;
			proxyType = 1;
			remoteGlobalIDString = 2AD5C5101BFC008500215D44;
			remoteInfo = PenAndInk;
		};
		2AD5C5311BFC008500215D44 /* PBXContainerItemProxy */ = {
			isa = PBXContainerItemProxy;
			containerPortal = 2AD5C5091BFC008400215D44 /* Project object */;
			proxyType = 1;
			remoteGlobalIDString = 2AD5C5101BFC008500215D44;
			remoteInfo = PenAndInk;
		};
/* End PBXContainerItemProxy section */

/* Begin PBXFileReference section */
		2A1CFB961BFF706D00C7A111 /* Timeline.swift */ = {isa = PBXFileReference; fileEncoding = 4; lastKnownFileType = sourcecode.swift; path = Timeline.swift; sourceTree = "<group>"; };
		2A1CFB981BFF70FD00C7A111 /* TimelineTests.swift */ = {isa = PBXFileReference; fileEncoding = 4; lastKnownFileType = sourcecode.swift; path = TimelineTests.swift; sourceTree = "<group>"; };
		2A1CFB9A1BFFB2BD00C7A111 /* SnapshotTimeline.swift */ = {isa = PBXFileReference; fileEncoding = 4; lastKnownFileType = sourcecode.swift; path = SnapshotTimeline.swift; sourceTree = "<group>"; };
		2A1CFB9C1BFFB99600C7A111 /* SnapshotTimelineTests.swift */ = {isa = PBXFileReference; fileEncoding = 4; lastKnownFileType = sourcecode.swift; path = SnapshotTimelineTests.swift; sourceTree = "<group>"; };
		2A73EAB21C053336009594E6 /* MetalViewController.swift */ = {isa = PBXFileReference; fileEncoding = 4; lastKnownFileType = sourcecode.swift; path = MetalViewController.swift; sourceTree = "<group>"; };
		2A73EAB41C053808009594E6 /* SimpleShader.metal */ = {isa = PBXFileReference; fileEncoding = 4; lastKnownFileType = sourcecode.metal; path = SimpleShader.metal; sourceTree = "<group>"; };
		2AD5C5111BFC008500215D44 /* Crow Quill.app */ = {isa = PBXFileReference; explicitFileType = wrapper.application; includeInIndex = 0; path = "Crow Quill.app"; sourceTree = BUILT_PRODUCTS_DIR; };
		2AD5C5141BFC008500215D44 /* AppDelegate.swift */ = {isa = PBXFileReference; lastKnownFileType = sourcecode.swift; path = AppDelegate.swift; sourceTree = "<group>"; };
		2AD5C5161BFC008500215D44 /* ViewController.swift */ = {isa = PBXFileReference; lastKnownFileType = sourcecode.swift; path = ViewController.swift; sourceTree = "<group>"; };
		2AD5C5191BFC008500215D44 /* Base */ = {isa = PBXFileReference; lastKnownFileType = file.storyboard; name = Base; path = Base.lproj/Main.storyboard; sourceTree = "<group>"; };
		2AD5C51B1BFC008500215D44 /* Assets.xcassets */ = {isa = PBXFileReference; lastKnownFileType = folder.assetcatalog; path = Assets.xcassets; sourceTree = "<group>"; };
		2AD5C51E1BFC008500215D44 /* Base */ = {isa = PBXFileReference; lastKnownFileType = file.storyboard; name = Base; path = Base.lproj/LaunchScreen.storyboard; sourceTree = "<group>"; };
		2AD5C5201BFC008500215D44 /* Info.plist */ = {isa = PBXFileReference; lastKnownFileType = text.plist.xml; path = Info.plist; sourceTree = "<group>"; };
		2AD5C5251BFC008500215D44 /* PenAndInkTests.xctest */ = {isa = PBXFileReference; explicitFileType = wrapper.cfbundle; includeInIndex = 0; path = PenAndInkTests.xctest; sourceTree = BUILT_PRODUCTS_DIR; };
		2AD5C5291BFC008500215D44 /* PenAndInkTests.swift */ = {isa = PBXFileReference; lastKnownFileType = sourcecode.swift; path = PenAndInkTests.swift; sourceTree = "<group>"; };
		2AD5C52B1BFC008500215D44 /* Info.plist */ = {isa = PBXFileReference; lastKnownFileType = text.plist.xml; path = Info.plist; sourceTree = "<group>"; };
		2AD5C5301BFC008500215D44 /* PenAndInkUITests.xctest */ = {isa = PBXFileReference; explicitFileType = wrapper.cfbundle; includeInIndex = 0; path = PenAndInkUITests.xctest; sourceTree = BUILT_PRODUCTS_DIR; };
		2AD5C5341BFC008500215D44 /* PenAndInkUITests.swift */ = {isa = PBXFileReference; lastKnownFileType = sourcecode.swift; path = PenAndInkUITests.swift; sourceTree = "<group>"; };
		2AD5C5361BFC008500215D44 /* Info.plist */ = {isa = PBXFileReference; lastKnownFileType = text.plist.xml; path = Info.plist; sourceTree = "<group>"; };
		2AD5C5441BFC00C500215D44 /* Renderer.swift */ = {isa = PBXFileReference; fileEncoding = 4; lastKnownFileType = sourcecode.swift; path = Renderer.swift; sourceTree = "<group>"; };
		2AD5C5461BFC010800215D44 /* Drawable.swift */ = {isa = PBXFileReference; fileEncoding = 4; lastKnownFileType = sourcecode.swift; path = Drawable.swift; sourceTree = "<group>"; };
		2AD5C5481BFC013D00215D44 /* FixedPenStroke.swift */ = {isa = PBXFileReference; fileEncoding = 4; lastKnownFileType = sourcecode.swift; path = FixedPenStroke.swift; sourceTree = "<group>"; };
		2AD5C54A1BFC015F00215D44 /* Drawing.swift */ = {isa = PBXFileReference; fileEncoding = 4; lastKnownFileType = sourcecode.swift; path = Drawing.swift; sourceTree = "<group>"; wrapsLines = 1; };
		2AD5C54C1BFC017F00215D44 /* StrokePoint.swift */ = {isa = PBXFileReference; fileEncoding = 4; lastKnownFileType = sourcecode.swift; path = StrokePoint.swift; sourceTree = "<group>"; };
		2AD5C54E1BFC01A400215D44 /* Snapshot.swift */ = {isa = PBXFileReference; fileEncoding = 4; lastKnownFileType = sourcecode.swift; path = Snapshot.swift; sourceTree = "<group>"; };
		2AD5C5501BFC01CE00215D44 /* TestRenderer.swift */ = {isa = PBXFileReference; fileEncoding = 4; lastKnownFileType = sourcecode.swift; path = TestRenderer.swift; sourceTree = "<group>"; };
		2AD5C5521BFC01E600215D44 /* FixedPenStrokeTests.swift */ = {isa = PBXFileReference; fileEncoding = 4; lastKnownFileType = sourcecode.swift; path = FixedPenStrokeTests.swift; sourceTree = "<group>"; };
		2AD5C5561BFC17D700215D44 /* TestRendererTests.swift */ = {isa = PBXFileReference; fileEncoding = 4; lastKnownFileType = sourcecode.swift; path = TestRendererTests.swift; sourceTree = "<group>"; };
		2AD5C5581BFD46D500215D44 /* Stroke.swift */ = {isa = PBXFileReference; fileEncoding = 4; lastKnownFileType = sourcecode.swift; path = Stroke.swift; sourceTree = "<group>"; };
		2AD5C55A1BFD4AE800215D44 /* DrawingTests.swift */ = {isa = PBXFileReference; fileEncoding = 4; lastKnownFileType = sourcecode.swift; path = DrawingTests.swift; sourceTree = "<group>"; };
		2AD5C55E1BFD6DF100215D44 /* UIRenderer.swift */ = {isa = PBXFileReference; fileEncoding = 4; lastKnownFileType = sourcecode.swift; path = UIRenderer.swift; sourceTree = "<group>"; };
		2AD5C5601BFD810800215D44 /* CanvasView.swift */ = {isa = PBXFileReference; fileEncoding = 4; lastKnownFileType = sourcecode.swift; path = CanvasView.swift; sourceTree = "<group>"; };
		2AD5C5641C00CD1700215D44 /* Goals */ = {isa = PBXFileReference; fileEncoding = 4; lastKnownFileType = text; path = Goals; sourceTree = "<group>"; };
		2AD5C56A1C0120B600215D44 /* SmoothFixedPenStroke.swift */ = {isa = PBXFileReference; fileEncoding = 4; lastKnownFileType = sourcecode.swift; path = SmoothFixedPenStroke.swift; sourceTree = "<group>"; };
		2AD5C56E1C0170CD00215D44 /* ActiveDrawing.swift */ = {isa = PBXFileReference; fileEncoding = 4; lastKnownFileType = sourcecode.swift; path = ActiveDrawing.swift; sourceTree = "<group>"; };
		2AD5C5701C025D9300215D44 /* CanvasMotionGestureDelegate.swift */ = {isa = PBXFileReference; fileEncoding = 4; lastKnownFileType = sourcecode.swift; path = CanvasMotionGestureDelegate.swift; sourceTree = "<group>"; };
/* End PBXFileReference section */

/* Begin PBXFrameworksBuildPhase section */
		2AD5C50E1BFC008500215D44 /* Frameworks */ = {
			isa = PBXFrameworksBuildPhase;
			buildActionMask = 2147483647;
			files = (
			);
			runOnlyForDeploymentPostprocessing = 0;
		};
		2AD5C5221BFC008500215D44 /* Frameworks */ = {
			isa = PBXFrameworksBuildPhase;
			buildActionMask = 2147483647;
			files = (
			);
			runOnlyForDeploymentPostprocessing = 0;
		};
		2AD5C52D1BFC008500215D44 /* Frameworks */ = {
			isa = PBXFrameworksBuildPhase;
			buildActionMask = 2147483647;
			files = (
			);
			runOnlyForDeploymentPostprocessing = 0;
		};
/* End PBXFrameworksBuildPhase section */

/* Begin PBXGroup section */
		2A73EAB11C05330D009594E6 /* metal */ = {
			isa = PBXGroup;
			children = (
				2A73EAB41C053808009594E6 /* SimpleShader.metal */,
			);
			name = metal;
			sourceTree = "<group>";
		};
		2AD5C5081BFC008400215D44 = {
			isa = PBXGroup;
			children = (
				2AD5C5641C00CD1700215D44 /* Goals */,
				2AD5C5131BFC008500215D44 /* PenAndInk */,
				2AD5C5281BFC008500215D44 /* PenAndInkTests */,
				2AD5C5331BFC008500215D44 /* PenAndInkUITests */,
				2AD5C5121BFC008500215D44 /* Products */,
			);
			sourceTree = "<group>";
		};
		2AD5C5121BFC008500215D44 /* Products */ = {
			isa = PBXGroup;
			children = (
				2AD5C5111BFC008500215D44 /* Crow Quill.app */,
				2AD5C5251BFC008500215D44 /* PenAndInkTests.xctest */,
				2AD5C5301BFC008500215D44 /* PenAndInkUITests.xctest */,
			);
			name = Products;
			sourceTree = "<group>";
		};
		2AD5C5131BFC008500215D44 /* PenAndInk */ = {
			isa = PBXGroup;
			children = (
				2AD5C5431BFC00A000215D44 /* Drawing */,
				2AD5C5141BFC008500215D44 /* AppDelegate.swift */,
				2AD5C5161BFC008500215D44 /* ViewController.swift */,
				2A73EAB21C053336009594E6 /* MetalViewController.swift */,
				2AD5C5601BFD810800215D44 /* CanvasView.swift */,
				2AD5C5701C025D9300215D44 /* CanvasMotionGestureDelegate.swift */,
				2AD5C5181BFC008500215D44 /* Main.storyboard */,
				2AD5C51B1BFC008500215D44 /* Assets.xcassets */,
				2AD5C51D1BFC008500215D44 /* LaunchScreen.storyboard */,
				2AD5C5201BFC008500215D44 /* Info.plist */,
			);
			path = PenAndInk;
			sourceTree = "<group>";
		};
		2AD5C5281BFC008500215D44 /* PenAndInkTests */ = {
			isa = PBXGroup;
			children = (
				2AD5C5421BFC009100215D44 /* DrawingTests */,
				2AD5C5291BFC008500215D44 /* PenAndInkTests.swift */,
				2AD5C52B1BFC008500215D44 /* Info.plist */,
			);
			path = PenAndInkTests;
			sourceTree = "<group>";
		};
		2AD5C5331BFC008500215D44 /* PenAndInkUITests */ = {
			isa = PBXGroup;
			children = (
				2AD5C5341BFC008500215D44 /* PenAndInkUITests.swift */,
				2AD5C5361BFC008500215D44 /* Info.plist */,
			);
			path = PenAndInkUITests;
			sourceTree = "<group>";
		};
		2AD5C5421BFC009100215D44 /* DrawingTests */ = {
			isa = PBXGroup;
			children = (
				2AD5C5521BFC01E600215D44 /* FixedPenStrokeTests.swift */,
				2A1CFB981BFF70FD00C7A111 /* TimelineTests.swift */,
				2A1CFB9C1BFFB99600C7A111 /* SnapshotTimelineTests.swift */,
				2AD5C55A1BFD4AE800215D44 /* DrawingTests.swift */,
				2AD5C5561BFC17D700215D44 /* TestRendererTests.swift */,
			);
			name = DrawingTests;
			sourceTree = "<group>";
		};
		2AD5C5431BFC00A000215D44 /* Drawing */ = {
			isa = PBXGroup;
			children = (
				2AD5C5631BFFF7DE00215D44 /* Strokes */,
				2AD5C5621BFFF7BA00215D44 /* Renderers */,
				2AD5C5461BFC010800215D44 /* Drawable.swift */,
				2AD5C54A1BFC015F00215D44 /* Drawing.swift */,
				2AD5C56E1C0170CD00215D44 /* ActiveDrawing.swift */,
				2A1CFB961BFF706D00C7A111 /* Timeline.swift */,
				2A1CFB9A1BFFB2BD00C7A111 /* SnapshotTimeline.swift */,
				2AD5C54E1BFC01A400215D44 /* Snapshot.swift */,
			);
			name = Drawing;
			sourceTree = "<group>";
		};
		2AD5C5621BFFF7BA00215D44 /* Renderers */ = {
			isa = PBXGroup;
			children = (
				2A73EAB11C05330D009594E6 /* metal */,
				2AD5C5441BFC00C500215D44 /* Renderer.swift */,
				2AD5C5501BFC01CE00215D44 /* TestRenderer.swift */,
				2AD5C55E1BFD6DF100215D44 /* UIRenderer.swift */,
			);
			name = Renderers;
			sourceTree = "<group>";
		};
		2AD5C5631BFFF7DE00215D44 /* Strokes */ = {
			isa = PBXGroup;
			children = (
				2AD5C54C1BFC017F00215D44 /* StrokePoint.swift */,
				2AD5C5481BFC013D00215D44 /* FixedPenStroke.swift */,
				2AD5C56A1C0120B600215D44 /* SmoothFixedPenStroke.swift */,
				2AD5C5581BFD46D500215D44 /* Stroke.swift */,
			);
			name = Strokes;
			sourceTree = "<group>";
		};
/* End PBXGroup section */

/* Begin PBXNativeTarget section */
		2AD5C5101BFC008500215D44 /* PenAndInk */ = {
			isa = PBXNativeTarget;
			buildConfigurationList = 2AD5C5391BFC008500215D44 /* Build configuration list for PBXNativeTarget "PenAndInk" */;
			buildPhases = (
				2AD5C50D1BFC008500215D44 /* Sources */,
				2AD5C50E1BFC008500215D44 /* Frameworks */,
				2AD5C50F1BFC008500215D44 /* Resources */,
			);
			buildRules = (
			);
			dependencies = (
			);
			name = PenAndInk;
			productName = PenAndInk;
			productReference = 2AD5C5111BFC008500215D44 /* Crow Quill.app */;
			productType = "com.apple.product-type.application";
		};
		2AD5C5241BFC008500215D44 /* PenAndInkTests */ = {
			isa = PBXNativeTarget;
			buildConfigurationList = 2AD5C53C1BFC008500215D44 /* Build configuration list for PBXNativeTarget "PenAndInkTests" */;
			buildPhases = (
				2AD5C5211BFC008500215D44 /* Sources */,
				2AD5C5221BFC008500215D44 /* Frameworks */,
				2AD5C5231BFC008500215D44 /* Resources */,
			);
			buildRules = (
			);
			dependencies = (
				2AD5C5271BFC008500215D44 /* PBXTargetDependency */,
			);
			name = PenAndInkTests;
			productName = PenAndInkTests;
			productReference = 2AD5C5251BFC008500215D44 /* PenAndInkTests.xctest */;
			productType = "com.apple.product-type.bundle.unit-test";
		};
		2AD5C52F1BFC008500215D44 /* PenAndInkUITests */ = {
			isa = PBXNativeTarget;
			buildConfigurationList = 2AD5C53F1BFC008500215D44 /* Build configuration list for PBXNativeTarget "PenAndInkUITests" */;
			buildPhases = (
				2AD5C52C1BFC008500215D44 /* Sources */,
				2AD5C52D1BFC008500215D44 /* Frameworks */,
				2AD5C52E1BFC008500215D44 /* Resources */,
			);
			buildRules = (
			);
			dependencies = (
				2AD5C5321BFC008500215D44 /* PBXTargetDependency */,
			);
			name = PenAndInkUITests;
			productName = PenAndInkUITests;
			productReference = 2AD5C5301BFC008500215D44 /* PenAndInkUITests.xctest */;
			productType = "com.apple.product-type.bundle.ui-testing";
		};
/* End PBXNativeTarget section */

/* Begin PBXProject section */
		2AD5C5091BFC008400215D44 /* Project object */ = {
			isa = PBXProject;
			attributes = {
				LastSwiftUpdateCheck = 0710;
				LastUpgradeCheck = 0710;
				ORGANIZATIONNAME = "Sam Bleckley";
				TargetAttributes = {
					2AD5C5101BFC008500215D44 = {
						CreatedOnToolsVersion = 7.1.1;
						DevelopmentTeam = 5JV8UJL93W;
					};
					2AD5C5241BFC008500215D44 = {
						CreatedOnToolsVersion = 7.1.1;
						DevelopmentTeam = 5JV8UJL93W;
						TestTargetID = 2AD5C5101BFC008500215D44;
					};
					2AD5C52F1BFC008500215D44 = {
						CreatedOnToolsVersion = 7.1.1;
						DevelopmentTeam = 5JV8UJL93W;
						TestTargetID = 2AD5C5101BFC008500215D44;
					};
				};
			};
			buildConfigurationList = 2AD5C50C1BFC008400215D44 /* Build configuration list for PBXProject "PenAndInk" */;
			compatibilityVersion = "Xcode 3.2";
			developmentRegion = English;
			hasScannedForEncodings = 0;
			knownRegions = (
				en,
				Base,
			);
			mainGroup = 2AD5C5081BFC008400215D44;
			productRefGroup = 2AD5C5121BFC008500215D44 /* Products */;
			projectDirPath = "";
			projectRoot = "";
			targets = (
				2AD5C5101BFC008500215D44 /* PenAndInk */,
				2AD5C5241BFC008500215D44 /* PenAndInkTests */,
				2AD5C52F1BFC008500215D44 /* PenAndInkUITests */,
			);
		};
/* End PBXProject section */

/* Begin PBXResourcesBuildPhase section */
		2AD5C50F1BFC008500215D44 /* Resources */ = {
			isa = PBXResourcesBuildPhase;
			buildActionMask = 2147483647;
			files = (
				2AD5C51F1BFC008500215D44 /* LaunchScreen.storyboard in Resources */,
				2AD5C51C1BFC008500215D44 /* Assets.xcassets in Resources */,
				2AD5C51A1BFC008500215D44 /* Main.storyboard in Resources */,
				2AD5C5651C00CD1700215D44 /* Goals in Resources */,
			);
			runOnlyForDeploymentPostprocessing = 0;
		};
		2AD5C5231BFC008500215D44 /* Resources */ = {
			isa = PBXResourcesBuildPhase;
			buildActionMask = 2147483647;
			files = (
			);
			runOnlyForDeploymentPostprocessing = 0;
		};
		2AD5C52E1BFC008500215D44 /* Resources */ = {
			isa = PBXResourcesBuildPhase;
			buildActionMask = 2147483647;
			files = (
			);
			runOnlyForDeploymentPostprocessing = 0;
		};
/* End PBXResourcesBuildPhase section */

/* Begin PBXSourcesBuildPhase section */
		2AD5C50D1BFC008500215D44 /* Sources */ = {
			isa = PBXSourcesBuildPhase;
			buildActionMask = 2147483647;
			files = (
				2AD5C54D1BFC017F00215D44 /* StrokePoint.swift in Sources */,
				2AD5C54F1BFC01A400215D44 /* Snapshot.swift in Sources */,
				2A1CFB971BFF706D00C7A111 /* Timeline.swift in Sources */,
				2AD5C5611BFD810800215D44 /* CanvasView.swift in Sources */,
				2AD5C5711C025D9300215D44 /* CanvasMotionGestureDelegate.swift in Sources */,
				2AD5C5491BFC013D00215D44 /* FixedPenStroke.swift in Sources */,
				2AD5C54B1BFC015F00215D44 /* Drawing.swift in Sources */,
				2AD5C56F1C0170CD00215D44 /* ActiveDrawing.swift in Sources */,
				2A73EAB31C053336009594E6 /* MetalViewController.swift in Sources */,
				2AD5C55F1BFD6DF100215D44 /* UIRenderer.swift in Sources */,
				2AD5C5511BFC01CE00215D44 /* TestRenderer.swift in Sources */,
				2AD5C5591BFD46D500215D44 /* Stroke.swift in Sources */,
				2A1CFB9B1BFFB2BD00C7A111 /* SnapshotTimeline.swift in Sources */,
				2AD5C56B1C0120B600215D44 /* SmoothFixedPenStroke.swift in Sources */,
				2AD5C5171BFC008500215D44 /* ViewController.swift in Sources */,
				2A73EAB51C053808009594E6 /* SimpleShader.metal in Sources */,
				2AD5C5451BFC00C500215D44 /* Renderer.swift in Sources */,
				2AD5C5151BFC008500215D44 /* AppDelegate.swift in Sources */,
				2AD5C5471BFC010800215D44 /* Drawable.swift in Sources */,
			);
			runOnlyForDeploymentPostprocessing = 0;
		};
		2AD5C5211BFC008500215D44 /* Sources */ = {
			isa = PBXSourcesBuildPhase;
			buildActionMask = 2147483647;
			files = (
				2AD5C5531BFC01E600215D44 /* FixedPenStrokeTests.swift in Sources */,
				2A1CFB9D1BFFB99600C7A111 /* SnapshotTimelineTests.swift in Sources */,
				2A1CFB991BFF70FD00C7A111 /* TimelineTests.swift in Sources */,
				2AD5C55B1BFD4AE800215D44 /* DrawingTests.swift in Sources */,
				2AD5C52A1BFC008500215D44 /* PenAndInkTests.swift in Sources */,
				2AD5C5571BFC17D700215D44 /* TestRendererTests.swift in Sources */,
			);
			runOnlyForDeploymentPostprocessing = 0;
		};
		2AD5C52C1BFC008500215D44 /* Sources */ = {
			isa = PBXSourcesBuildPhase;
			buildActionMask = 2147483647;
			files = (
				2AD5C5351BFC008500215D44 /* PenAndInkUITests.swift in Sources */,
			);
			runOnlyForDeploymentPostprocessing = 0;
		};
/* End PBXSourcesBuildPhase section */

/* Begin PBXTargetDependency section */
		2AD5C5271BFC008500215D44 /* PBXTargetDependency */ = {
			isa = PBXTargetDependency;
			target = 2AD5C5101BFC008500215D44 /* PenAndInk */;
			targetProxy = 2AD5C5261BFC008500215D44 /* PBXContainerItemProxy */;
		};
		2AD5C5321BFC008500215D44 /* PBXTargetDependency */ = {
			isa = PBXTargetDependency;
			target = 2AD5C5101BFC008500215D44 /* PenAndInk */;
			targetProxy = 2AD5C5311BFC008500215D44 /* PBXContainerItemProxy */;
		};
/* End PBXTargetDependency section */

/* Begin PBXVariantGroup section */
		2AD5C5181BFC008500215D44 /* Main.storyboard */ = {
			isa = PBXVariantGroup;
			children = (
				2AD5C5191BFC008500215D44 /* Base */,
			);
			name = Main.storyboard;
			sourceTree = "<group>";
		};
		2AD5C51D1BFC008500215D44 /* LaunchScreen.storyboard */ = {
			isa = PBXVariantGroup;
			children = (
				2AD5C51E1BFC008500215D44 /* Base */,
			);
			name = LaunchScreen.storyboard;
			sourceTree = "<group>";
		};
/* End PBXVariantGroup section */

/* Begin XCBuildConfiguration section */
		2AD5C5371BFC008500215D44 /* Debug */ = {
			isa = XCBuildConfiguration;
			buildSettings = {
				ALWAYS_SEARCH_USER_PATHS = NO;
				CLANG_CXX_LANGUAGE_STANDARD = "gnu++0x";
				CLANG_CXX_LIBRARY = "libc++";
				CLANG_ENABLE_MODULES = YES;
				CLANG_ENABLE_OBJC_ARC = YES;
				CLANG_WARN_BOOL_CONVERSION = YES;
				CLANG_WARN_CONSTANT_CONVERSION = YES;
				CLANG_WARN_DIRECT_OBJC_ISA_USAGE = YES_ERROR;
				CLANG_WARN_EMPTY_BODY = YES;
				CLANG_WARN_ENUM_CONVERSION = YES;
				CLANG_WARN_INT_CONVERSION = YES;
				CLANG_WARN_OBJC_ROOT_CLASS = YES_ERROR;
				CLANG_WARN_UNREACHABLE_CODE = YES;
				CLANG_WARN__DUPLICATE_METHOD_MATCH = YES;
				"CODE_SIGN_IDENTITY[sdk=iphoneos*]" = "iPhone Developer";
				COPY_PHASE_STRIP = NO;
				DEBUG_INFORMATION_FORMAT = dwarf;
				ENABLE_STRICT_OBJC_MSGSEND = YES;
				ENABLE_TESTABILITY = YES;
				GCC_C_LANGUAGE_STANDARD = gnu99;
				GCC_DYNAMIC_NO_PIC = NO;
				GCC_NO_COMMON_BLOCKS = YES;
				GCC_OPTIMIZATION_LEVEL = 0;
				GCC_PREPROCESSOR_DEFINITIONS = (
					"DEBUG=1",
					"$(inherited)",
				);
				GCC_WARN_64_TO_32_BIT_CONVERSION = YES;
				GCC_WARN_ABOUT_RETURN_TYPE = YES_ERROR;
				GCC_WARN_UNDECLARED_SELECTOR = YES;
				GCC_WARN_UNINITIALIZED_AUTOS = YES_AGGRESSIVE;
				GCC_WARN_UNUSED_FUNCTION = YES;
				GCC_WARN_UNUSED_VARIABLE = YES;
				IPHONEOS_DEPLOYMENT_TARGET = 9.1;
				MTL_ENABLE_DEBUG_INFO = YES;
				ONLY_ACTIVE_ARCH = YES;
				SDKROOT = iphoneos;
				SWIFT_OPTIMIZATION_LEVEL = "-Onone";
				TARGETED_DEVICE_FAMILY = "1,2";
			};
			name = Debug;
		};
		2AD5C5381BFC008500215D44 /* Release */ = {
			isa = XCBuildConfiguration;
			buildSettings = {
				ALWAYS_SEARCH_USER_PATHS = NO;
				CLANG_CXX_LANGUAGE_STANDARD = "gnu++0x";
				CLANG_CXX_LIBRARY = "libc++";
				CLANG_ENABLE_MODULES = YES;
				CLANG_ENABLE_OBJC_ARC = YES;
				CLANG_WARN_BOOL_CONVERSION = YES;
				CLANG_WARN_CONSTANT_CONVERSION = YES;
				CLANG_WARN_DIRECT_OBJC_ISA_USAGE = YES_ERROR;
				CLANG_WARN_EMPTY_BODY = YES;
				CLANG_WARN_ENUM_CONVERSION = YES;
				CLANG_WARN_INT_CONVERSION = YES;
				CLANG_WARN_OBJC_ROOT_CLASS = YES_ERROR;
				CLANG_WARN_UNREACHABLE_CODE = YES;
				CLANG_WARN__DUPLICATE_METHOD_MATCH = YES;
				"CODE_SIGN_IDENTITY[sdk=iphoneos*]" = "iPhone Developer";
				COPY_PHASE_STRIP = NO;
				DEBUG_INFORMATION_FORMAT = "dwarf-with-dsym";
				ENABLE_NS_ASSERTIONS = NO;
				ENABLE_STRICT_OBJC_MSGSEND = YES;
				GCC_C_LANGUAGE_STANDARD = gnu99;
				GCC_NO_COMMON_BLOCKS = YES;
				GCC_WARN_64_TO_32_BIT_CONVERSION = YES;
				GCC_WARN_ABOUT_RETURN_TYPE = YES_ERROR;
				GCC_WARN_UNDECLARED_SELECTOR = YES;
				GCC_WARN_UNINITIALIZED_AUTOS = YES_AGGRESSIVE;
				GCC_WARN_UNUSED_FUNCTION = YES;
				GCC_WARN_UNUSED_VARIABLE = YES;
				IPHONEOS_DEPLOYMENT_TARGET = 9.1;
				MTL_ENABLE_DEBUG_INFO = NO;
				SDKROOT = iphoneos;
				TARGETED_DEVICE_FAMILY = "1,2";
				VALIDATE_PRODUCT = YES;
			};
			name = Release;
		};
		2AD5C53A1BFC008500215D44 /* Debug */ = {
			isa = XCBuildConfiguration;
			buildSettings = {
				ASSETCATALOG_COMPILER_APPICON_NAME = AppIcon;
				CODE_SIGN_IDENTITY = "iPhone Developer";
				"CODE_SIGN_IDENTITY[sdk=iphoneos*]" = "iPhone Developer";
				INFOPLIST_FILE = PenAndInk/Info.plist;
				LD_RUNPATH_SEARCH_PATHS = "$(inherited) @executable_path/Frameworks";
				PRODUCT_BUNDLE_IDENTIFIER = org.diiq.PenAndInk;
				PRODUCT_NAME = "Crow Quill";
				PROVISIONING_PROFILE = "";
			};
			name = Debug;
		};
		2AD5C53B1BFC008500215D44 /* Release */ = {
			isa = XCBuildConfiguration;
			buildSettings = {
				ASSETCATALOG_COMPILER_APPICON_NAME = AppIcon;
				CODE_SIGN_IDENTITY = "iPhone Developer";
				"CODE_SIGN_IDENTITY[sdk=iphoneos*]" = "iPhone Developer";
				INFOPLIST_FILE = PenAndInk/Info.plist;
				LD_RUNPATH_SEARCH_PATHS = "$(inherited) @executable_path/Frameworks";
				PRODUCT_BUNDLE_IDENTIFIER = org.diiq.PenAndInk;
				PRODUCT_NAME = "Crow Quill";
				PROVISIONING_PROFILE = "";
			};
			name = Release;
		};
		2AD5C53D1BFC008500215D44 /* Debug */ = {
			isa = XCBuildConfiguration;
			buildSettings = {
				BUNDLE_LOADER = "$(TEST_HOST)";
				INFOPLIST_FILE = PenAndInkTests/Info.plist;
				LD_RUNPATH_SEARCH_PATHS = "$(inherited) @executable_path/Frameworks @loader_path/Frameworks";
				PRODUCT_BUNDLE_IDENTIFIER = org.diiq.PenAndInkTests;
				PRODUCT_NAME = "$(TARGET_NAME)";
				TEST_HOST = "$(BUILT_PRODUCTS_DIR)/PenAndInk.app/PenAndInk";
			};
			name = Debug;
		};
		2AD5C53E1BFC008500215D44 /* Release */ = {
			isa = XCBuildConfiguration;
			buildSettings = {
				BUNDLE_LOADER = "$(TEST_HOST)";
				INFOPLIST_FILE = PenAndInkTests/Info.plist;
				LD_RUNPATH_SEARCH_PATHS = "$(inherited) @executable_path/Frameworks @loader_path/Frameworks";
				PRODUCT_BUNDLE_IDENTIFIER = org.diiq.PenAndInkTests;
				PRODUCT_NAME = "$(TARGET_NAME)";
				TEST_HOST = "$(BUILT_PRODUCTS_DIR)/PenAndInk.app/PenAndInk";
			};
			name = Release;
		};
		2AD5C5401BFC008500215D44 /* Debug */ = {
			isa = XCBuildConfiguration;
			buildSettings = {
				INFOPLIST_FILE = PenAndInkUITests/Info.plist;
				LD_RUNPATH_SEARCH_PATHS = "$(inherited) @executable_path/Frameworks @loader_path/Frameworks";
				PRODUCT_BUNDLE_IDENTIFIER = org.diiq.PenAndInkUITests;
				PRODUCT_NAME = "$(TARGET_NAME)";
				TEST_TARGET_NAME = PenAndInk;
				USES_XCTRUNNER = YES;
			};
			name = Debug;
		};
		2AD5C5411BFC008500215D44 /* Release */ = {
			isa = XCBuildConfiguration;
			buildSettings = {
				INFOPLIST_FILE = PenAndInkUITests/Info.plist;
				LD_RUNPATH_SEARCH_PATHS = "$(inherited) @executable_path/Frameworks @loader_path/Frameworks";
				PRODUCT_BUNDLE_IDENTIFIER = org.diiq.PenAndInkUITests;
				PRODUCT_NAME = "$(TARGET_NAME)";
				TEST_TARGET_NAME = PenAndInk;
				USES_XCTRUNNER = YES;
			};
			name = Release;
		};
/* End XCBuildConfiguration section */

/* Begin XCConfigurationList section */
		2AD5C50C1BFC008400215D44 /* Build configuration list for PBXProject "PenAndInk" */ = {
			isa = XCConfigurationList;
			buildConfigurations = (
				2AD5C5371BFC008500215D44 /* Debug */,
				2AD5C5381BFC008500215D44 /* Release */,
			);
			defaultConfigurationIsVisible = 0;
			defaultConfigurationName = Release;
		};
		2AD5C5391BFC008500215D44 /* Build configuration list for PBXNativeTarget "PenAndInk" */ = {
			isa = XCConfigurationList;
			buildConfigurations = (
				2AD5C53A1BFC008500215D44 /* Debug */,
				2AD5C53B1BFC008500215D44 /* Release */,
			);
			defaultConfigurationIsVisible = 0;
			defaultConfigurationName = Release;
		};
		2AD5C53C1BFC008500215D44 /* Build configuration list for PBXNativeTarget "PenAndInkTests" */ = {
			isa = XCConfigurationList;
			buildConfigurations = (
				2AD5C53D1BFC008500215D44 /* Debug */,
				2AD5C53E1BFC008500215D44 /* Release */,
			);
			defaultConfigurationIsVisible = 0;
			defaultConfigurationName = Release;
		};
		2AD5C53F1BFC008500215D44 /* Build configuration list for PBXNativeTarget "PenAndInkUITests" */ = {
			isa = XCConfigurationList;
			buildConfigurations = (
				2AD5C5401BFC008500215D44 /* Debug */,
				2AD5C5411BFC008500215D44 /* Release */,
			);
			defaultConfigurationIsVisible = 0;
			defaultConfigurationName = Release;
		};
/* End XCConfigurationList section */
	};
	rootObject = 2AD5C5091BFC008400215D44 /* Project object */;
}
