// !$*UTF8*$!
{
	archiveVersion = 1;
	classes = {
	};
	objectVersion = 46;
	objects = {

/* Begin PBXBuildFile section */
		2A1245F41C0B77C5003064A6 /* ArrayExtensionTests.swift in Sources */ = {isa = PBXBuildFile; fileRef = 2A1245F31C0B77C5003064A6 /* ArrayExtensionTests.swift */; };
		2A1245F61C0B98FE003064A6 /* WeightedByVelocity.swift in Sources */ = {isa = PBXBuildFile; fileRef = 2A1245F51C0B98FE003064A6 /* WeightedByVelocity.swift */; };
		2A1245F81C0B9AC1003064A6 /* WeightedByVelocityTests.swift in Sources */ = {isa = PBXBuildFile; fileRef = 2A1245F71C0B9AC1003064A6 /* WeightedByVelocityTests.swift */; };
		2A1245FA1C0B9D53003064A6 /* ThreePointWeightAverage.swift in Sources */ = {isa = PBXBuildFile; fileRef = 2A1245F91C0B9D53003064A6 /* ThreePointWeightAverage.swift */; };
		2A1967261C1CFB910088D949 /* SmoothFixedGuidedStroke.swift in Sources */ = {isa = PBXBuildFile; fileRef = 2A1967251C1CFB910088D949 /* SmoothFixedGuidedStroke.swift */; };
		2A1967281C1D114F0088D949 /* SmoothVariableGuidedStroke.swift in Sources */ = {isa = PBXBuildFile; fileRef = 2A1967271C1D114F0088D949 /* SmoothVariableGuidedStroke.swift */; };
		2A19672A1C25D5220088D949 /* ActiveSpaceToCanvasSpace.swift in Sources */ = {isa = PBXBuildFile; fileRef = 2A1967291C25D5220088D949 /* ActiveSpaceToCanvasSpace.swift */; };
		2A1CDDC61C0B52A50070D254 /* CatmullRomRendererExtension.swift in Sources */ = {isa = PBXBuildFile; fileRef = 2A1CDDC51C0B52A50070D254 /* CatmullRomRendererExtension.swift */; };
		2A1CDDCB1C0B5DDA0070D254 /* StrokeTransformation.swift in Sources */ = {isa = PBXBuildFile; fileRef = 2A1CDDCA1C0B5DDA0070D254 /* StrokeTransformation.swift */; };
		2A1CDDCD1C0B5F0A0070D254 /* PerpendicularOutset.swift in Sources */ = {isa = PBXBuildFile; fileRef = 2A1CDDCC1C0B5F0A0070D254 /* PerpendicularOutset.swift */; };
		2A1CDDCF1C0B6E850070D254 /* PerpendicularOutsetTests.swift in Sources */ = {isa = PBXBuildFile; fileRef = 2A1CDDCE1C0B6E850070D254 /* PerpendicularOutsetTests.swift */; };
		2A2074881C07BF1E003B0918 /* ActiveDrawingView.swift in Sources */ = {isa = PBXBuildFile; fileRef = 2A2074871C07BF1E003B0918 /* ActiveDrawingView.swift */; };
		2A20748A1C08AD81003B0918 /* ActiveDrawingTests.swift in Sources */ = {isa = PBXBuildFile; fileRef = 2A2074891C08AD81003B0918 /* ActiveDrawingTests.swift */; };
		2A20748C1C08AD9E003B0918 /* SmoothFixedPenStrokeTests.swift in Sources */ = {isa = PBXBuildFile; fileRef = 2A20748B1C08AD9E003B0918 /* SmoothFixedPenStrokeTests.swift */; };
		2A20748E1C09FB0A003B0918 /* LinearVariablePenStroke.swift in Sources */ = {isa = PBXBuildFile; fileRef = 2A20748D1C09FB0A003B0918 /* LinearVariablePenStroke.swift */; };
		2A2074901C0A3B20003B0918 /* SmoothVariablePenStroke.swift in Sources */ = {isa = PBXBuildFile; fileRef = 2A20748F1C0A3B20003B0918 /* SmoothVariablePenStroke.swift */; };
		2A76FFCE1C13C8F90027C447 /* ApplyRulerGuide.swift in Sources */ = {isa = PBXBuildFile; fileRef = 2A76FFCD1C13C8F90027C447 /* ApplyRulerGuide.swift */; };
		2A76FFD01C149CAC0027C447 /* Color.swift in Sources */ = {isa = PBXBuildFile; fileRef = 2A76FFCF1C149CAC0027C447 /* Color.swift */; };
		2A8321E31C0E78FF00EADC0F /* Guide.swift in Sources */ = {isa = PBXBuildFile; fileRef = 2A8321E21C0E78FF00EADC0F /* Guide.swift */; };
		2A8321E51C0E790B00EADC0F /* GuideTests.swift in Sources */ = {isa = PBXBuildFile; fileRef = 2A8321E41C0E790B00EADC0F /* GuideTests.swift */; };
		2A8321E71C0FBF9400EADC0F /* GuideView.swift in Sources */ = {isa = PBXBuildFile; fileRef = 2A8321E61C0FBF9400EADC0F /* GuideView.swift */; };
		2A8321E91C110B9600EADC0F /* Handle.swift in Sources */ = {isa = PBXBuildFile; fileRef = 2A8321E81C110B9600EADC0F /* Handle.swift */; };
		2A908D651C4020410004FA9E /* StampedStrokeRendererExtension.swift in Sources */ = {isa = PBXBuildFile; fileRef = 2A908D641C4020410004FA9E /* StampedStrokeRendererExtension.swift */; };
		2A908D681C4053810004FA9E /* StampedStrokeRendererTests.swift in Sources */ = {isa = PBXBuildFile; fileRef = 2A908D661C4053640004FA9E /* StampedStrokeRendererTests.swift */; };
		2AA76F441C3F402E0058ABE5 /* StrokeSettings.swift in Sources */ = {isa = PBXBuildFile; fileRef = 2AA76F431C3F402E0058ABE5 /* StrokeSettings.swift */; };
		2AA76F461C3F4D620058ABE5 /* ScaleWeights.swift in Sources */ = {isa = PBXBuildFile; fileRef = 2AA76F451C3F4D620058ABE5 /* ScaleWeights.swift */; };
		2AAF8DD61C06A25D00E0C356 /* AppDelegate.swift in Sources */ = {isa = PBXBuildFile; fileRef = 2AAF8DD51C06A25D00E0C356 /* AppDelegate.swift */; };
		2AAF8DD81C06A25D00E0C356 /* ViewController.swift in Sources */ = {isa = PBXBuildFile; fileRef = 2AAF8DD71C06A25D00E0C356 /* ViewController.swift */; };
		2AAF8DDB1C06A25D00E0C356 /* Main.storyboard in Resources */ = {isa = PBXBuildFile; fileRef = 2AAF8DD91C06A25D00E0C356 /* Main.storyboard */; };
		2AAF8DDD1C06A25D00E0C356 /* Assets.xcassets in Resources */ = {isa = PBXBuildFile; fileRef = 2AAF8DDC1C06A25D00E0C356 /* Assets.xcassets */; };
		2AAF8DE01C06A25D00E0C356 /* LaunchScreen.storyboard in Resources */ = {isa = PBXBuildFile; fileRef = 2AAF8DDE1C06A25D00E0C356 /* LaunchScreen.storyboard */; };
		2AAF8DEB1C06A25D00E0C356 /* Crow_QuillTests.swift in Sources */ = {isa = PBXBuildFile; fileRef = 2AAF8DEA1C06A25D00E0C356 /* Crow_QuillTests.swift */; };
		2AAF8DF61C06A25D00E0C356 /* Crow_QuillUITests.swift in Sources */ = {isa = PBXBuildFile; fileRef = 2AAF8DF51C06A25D00E0C356 /* Crow_QuillUITests.swift */; };
		2AAF8E051C06A2AB00E0C356 /* Drawable.swift in Sources */ = {isa = PBXBuildFile; fileRef = 2AAF8E041C06A2AB00E0C356 /* Drawable.swift */; };
		2AAF8E071C06A2BF00E0C356 /* Drawing.swift in Sources */ = {isa = PBXBuildFile; fileRef = 2AAF8E061C06A2BF00E0C356 /* Drawing.swift */; };
		2AAF8E091C06A2DD00E0C356 /* ActiveDrawing.swift in Sources */ = {isa = PBXBuildFile; fileRef = 2AAF8E081C06A2DD00E0C356 /* ActiveDrawing.swift */; };
		2AAF8E0B1C06A2FF00E0C356 /* Timeline.swift in Sources */ = {isa = PBXBuildFile; fileRef = 2AAF8E0A1C06A2FF00E0C356 /* Timeline.swift */; };
		2AAF8E0D1C06A31000E0C356 /* SnapshotTimeline.swift in Sources */ = {isa = PBXBuildFile; fileRef = 2AAF8E0C1C06A31000E0C356 /* SnapshotTimeline.swift */; };
		2AAF8E0F1C06A32500E0C356 /* Snapshot.swift in Sources */ = {isa = PBXBuildFile; fileRef = 2AAF8E0E1C06A32500E0C356 /* Snapshot.swift */; };
		2AAF8E121C06A35700E0C356 /* Renderer.swift in Sources */ = {isa = PBXBuildFile; fileRef = 2AAF8E111C06A35700E0C356 /* Renderer.swift */; };
		2AAF8E161C06A37F00E0C356 /* UIRenderer.swift in Sources */ = {isa = PBXBuildFile; fileRef = 2AAF8E151C06A37F00E0C356 /* UIRenderer.swift */; };
		2AAF8E191C06A3A500E0C356 /* Point.swift in Sources */ = {isa = PBXBuildFile; fileRef = 2AAF8E181C06A3A500E0C356 /* Point.swift */; };
		2AAF8E1B1C06A3C200E0C356 /* LinearFixedPenStroke.swift in Sources */ = {isa = PBXBuildFile; fileRef = 2AAF8E1A1C06A3C200E0C356 /* LinearFixedPenStroke.swift */; };
		2AAF8E1D1C06A3DC00E0C356 /* SmoothFixedPenStroke.swift in Sources */ = {isa = PBXBuildFile; fileRef = 2AAF8E1C1C06A3DC00E0C356 /* SmoothFixedPenStroke.swift */; };
		2AAF8E1F1C06A3E900E0C356 /* Stroke.swift in Sources */ = {isa = PBXBuildFile; fileRef = 2AAF8E1E1C06A3E900E0C356 /* Stroke.swift */; };
		2AAF8E211C06A41800E0C356 /* DrawingView.swift in Sources */ = {isa = PBXBuildFile; fileRef = 2AAF8E201C06A41800E0C356 /* DrawingView.swift */; };
		2AAF8E231C06A43900E0C356 /* CanvasGestureDelegate.swift in Sources */ = {isa = PBXBuildFile; fileRef = 2AAF8E221C06A43900E0C356 /* CanvasGestureDelegate.swift */; };
		2AAF8E2C1C06A58900E0C356 /* TestRenderer.swift in Sources */ = {isa = PBXBuildFile; fileRef = 2AAF8E131C06A36D00E0C356 /* TestRenderer.swift */; };
		2AAF8E2D1C06A59700E0C356 /* TestRendererTests.swift in Sources */ = {isa = PBXBuildFile; fileRef = 2AAF8E291C06A51C00E0C356 /* TestRendererTests.swift */; };
		2AAF8E331C06A6FE00E0C356 /* TimelineTests.swift in Sources */ = {isa = PBXBuildFile; fileRef = 2AAF8E321C06A6FE00E0C356 /* TimelineTests.swift */; };
		2AAF8E351C06A71200E0C356 /* LinearFixedPenStrokeTests.swift in Sources */ = {isa = PBXBuildFile; fileRef = 2AAF8E341C06A71200E0C356 /* LinearFixedPenStrokeTests.swift */; };
		2AAF8E361C06A72700E0C356 /* SnapshotTimelineTests.swift in Sources */ = {isa = PBXBuildFile; fileRef = 2AAF8E301C06A6EA00E0C356 /* SnapshotTimelineTests.swift */; };
		2AAF8E371C06A72A00E0C356 /* DrawingTests.swift in Sources */ = {isa = PBXBuildFile; fileRef = 2AAF8E2E1C06A6CC00E0C356 /* DrawingTests.swift */; };
		2AB438111C11E67A007AF436 /* PointTests.swift in Sources */ = {isa = PBXBuildFile; fileRef = 2AB438101C11E67A007AF436 /* PointTests.swift */; };
		2AB438171C11F685007AF436 /* Workspace.swift in Sources */ = {isa = PBXBuildFile; fileRef = 2AB438161C11F685007AF436 /* Workspace.swift */; };
		2AB438191C1213F1007AF436 /* GuideCollection.swift in Sources */ = {isa = PBXBuildFile; fileRef = 2AB438181C1213F1007AF436 /* GuideCollection.swift */; };
		2ACCA5D81C122DF6005CE39B /* RulerGuide.swift in Sources */ = {isa = PBXBuildFile; fileRef = 2ACCA5D71C122DF6005CE39B /* RulerGuide.swift */; };
/* End PBXBuildFile section */

/* Begin PBXContainerItemProxy section */
		2AAF8DE71C06A25D00E0C356 /* PBXContainerItemProxy */ = {
			isa = PBXContainerItemProxy;
			containerPortal = 2AAF8DCA1C06A25D00E0C356 /* Project object */;
			proxyType = 1;
			remoteGlobalIDString = 2AAF8DD11C06A25D00E0C356;
			remoteInfo = "Crow Quill";
		};
		2AAF8DF21C06A25D00E0C356 /* PBXContainerItemProxy */ = {
			isa = PBXContainerItemProxy;
			containerPortal = 2AAF8DCA1C06A25D00E0C356 /* Project object */;
			proxyType = 1;
			remoteGlobalIDString = 2AAF8DD11C06A25D00E0C356;
			remoteInfo = "Crow Quill";
		};
/* End PBXContainerItemProxy section */

/* Begin PBXFileReference section */
		2A1245F31C0B77C5003064A6 /* ArrayExtensionTests.swift */ = {isa = PBXFileReference; fileEncoding = 4; lastKnownFileType = sourcecode.swift; path = ArrayExtensionTests.swift; sourceTree = "<group>"; };
		2A1245F51C0B98FE003064A6 /* WeightedByVelocity.swift */ = {isa = PBXFileReference; fileEncoding = 4; lastKnownFileType = sourcecode.swift; path = WeightedByVelocity.swift; sourceTree = "<group>"; };
		2A1245F71C0B9AC1003064A6 /* WeightedByVelocityTests.swift */ = {isa = PBXFileReference; fileEncoding = 4; lastKnownFileType = sourcecode.swift; path = WeightedByVelocityTests.swift; sourceTree = "<group>"; };
		2A1245F91C0B9D53003064A6 /* ThreePointWeightAverage.swift */ = {isa = PBXFileReference; fileEncoding = 4; lastKnownFileType = sourcecode.swift; path = ThreePointWeightAverage.swift; sourceTree = "<group>"; };
		2A1967251C1CFB910088D949 /* SmoothFixedGuidedStroke.swift */ = {isa = PBXFileReference; fileEncoding = 4; lastKnownFileType = sourcecode.swift; path = SmoothFixedGuidedStroke.swift; sourceTree = "<group>"; };
		2A1967271C1D114F0088D949 /* SmoothVariableGuidedStroke.swift */ = {isa = PBXFileReference; fileEncoding = 4; lastKnownFileType = sourcecode.swift; path = SmoothVariableGuidedStroke.swift; sourceTree = "<group>"; };
		2A1967291C25D5220088D949 /* ActiveSpaceToCanvasSpace.swift */ = {isa = PBXFileReference; fileEncoding = 4; lastKnownFileType = sourcecode.swift; path = ActiveSpaceToCanvasSpace.swift; sourceTree = "<group>"; };
		2A1CDDC51C0B52A50070D254 /* CatmullRomRendererExtension.swift */ = {isa = PBXFileReference; fileEncoding = 4; lastKnownFileType = sourcecode.swift; path = CatmullRomRendererExtension.swift; sourceTree = "<group>"; };
		2A1CDDCA1C0B5DDA0070D254 /* StrokeTransformation.swift */ = {isa = PBXFileReference; fileEncoding = 4; lastKnownFileType = sourcecode.swift; path = StrokeTransformation.swift; sourceTree = "<group>"; };
		2A1CDDCC1C0B5F0A0070D254 /* PerpendicularOutset.swift */ = {isa = PBXFileReference; fileEncoding = 4; lastKnownFileType = sourcecode.swift; path = PerpendicularOutset.swift; sourceTree = "<group>"; };
		2A1CDDCE1C0B6E850070D254 /* PerpendicularOutsetTests.swift */ = {isa = PBXFileReference; fileEncoding = 4; lastKnownFileType = sourcecode.swift; path = PerpendicularOutsetTests.swift; sourceTree = "<group>"; };
		2A2074871C07BF1E003B0918 /* ActiveDrawingView.swift */ = {isa = PBXFileReference; fileEncoding = 4; lastKnownFileType = sourcecode.swift; path = ActiveDrawingView.swift; sourceTree = "<group>"; };
		2A2074891C08AD81003B0918 /* ActiveDrawingTests.swift */ = {isa = PBXFileReference; fileEncoding = 4; lastKnownFileType = sourcecode.swift; path = ActiveDrawingTests.swift; sourceTree = "<group>"; };
		2A20748B1C08AD9E003B0918 /* SmoothFixedPenStrokeTests.swift */ = {isa = PBXFileReference; fileEncoding = 4; lastKnownFileType = sourcecode.swift; path = SmoothFixedPenStrokeTests.swift; sourceTree = "<group>"; };
		2A20748D1C09FB0A003B0918 /* LinearVariablePenStroke.swift */ = {isa = PBXFileReference; fileEncoding = 4; lastKnownFileType = sourcecode.swift; path = LinearVariablePenStroke.swift; sourceTree = "<group>"; };
		2A20748F1C0A3B20003B0918 /* SmoothVariablePenStroke.swift */ = {isa = PBXFileReference; fileEncoding = 4; lastKnownFileType = sourcecode.swift; path = SmoothVariablePenStroke.swift; sourceTree = "<group>"; };
		2A76FFCD1C13C8F90027C447 /* ApplyRulerGuide.swift */ = {isa = PBXFileReference; fileEncoding = 4; lastKnownFileType = sourcecode.swift; path = ApplyRulerGuide.swift; sourceTree = "<group>"; };
		2A76FFCF1C149CAC0027C447 /* Color.swift */ = {isa = PBXFileReference; fileEncoding = 4; lastKnownFileType = sourcecode.swift; path = Color.swift; sourceTree = "<group>"; };
		2A8321E21C0E78FF00EADC0F /* Guide.swift */ = {isa = PBXFileReference; fileEncoding = 4; lastKnownFileType = sourcecode.swift; path = Guide.swift; sourceTree = "<group>"; };
		2A8321E41C0E790B00EADC0F /* GuideTests.swift */ = {isa = PBXFileReference; fileEncoding = 4; lastKnownFileType = sourcecode.swift; path = GuideTests.swift; sourceTree = "<group>"; };
		2A8321E61C0FBF9400EADC0F /* GuideView.swift */ = {isa = PBXFileReference; fileEncoding = 4; lastKnownFileType = sourcecode.swift; path = GuideView.swift; sourceTree = "<group>"; };
		2A8321E81C110B9600EADC0F /* Handle.swift */ = {isa = PBXFileReference; fileEncoding = 4; lastKnownFileType = sourcecode.swift; path = Handle.swift; sourceTree = "<group>"; };
		2A908D641C4020410004FA9E /* StampedStrokeRendererExtension.swift */ = {isa = PBXFileReference; fileEncoding = 4; lastKnownFileType = sourcecode.swift; path = StampedStrokeRendererExtension.swift; sourceTree = "<group>"; };
		2A908D661C4053640004FA9E /* StampedStrokeRendererTests.swift */ = {isa = PBXFileReference; fileEncoding = 4; lastKnownFileType = sourcecode.swift; path = StampedStrokeRendererTests.swift; sourceTree = "<group>"; };
		2AA76F431C3F402E0058ABE5 /* StrokeSettings.swift */ = {isa = PBXFileReference; fileEncoding = 4; lastKnownFileType = sourcecode.swift; path = StrokeSettings.swift; sourceTree = "<group>"; };
		2AA76F451C3F4D620058ABE5 /* ScaleWeights.swift */ = {isa = PBXFileReference; fileEncoding = 4; lastKnownFileType = sourcecode.swift; path = ScaleWeights.swift; sourceTree = "<group>"; };
		2AAF8DD21C06A25D00E0C356 /* Crow Quill.app */ = {isa = PBXFileReference; explicitFileType = wrapper.application; includeInIndex = 0; path = "Crow Quill.app"; sourceTree = BUILT_PRODUCTS_DIR; };
		2AAF8DD51C06A25D00E0C356 /* AppDelegate.swift */ = {isa = PBXFileReference; lastKnownFileType = sourcecode.swift; path = AppDelegate.swift; sourceTree = "<group>"; };
		2AAF8DD71C06A25D00E0C356 /* ViewController.swift */ = {isa = PBXFileReference; lastKnownFileType = sourcecode.swift; path = ViewController.swift; sourceTree = "<group>"; };
		2AAF8DDA1C06A25D00E0C356 /* Base */ = {isa = PBXFileReference; lastKnownFileType = file.storyboard; name = Base; path = Base.lproj/Main.storyboard; sourceTree = "<group>"; };
		2AAF8DDC1C06A25D00E0C356 /* Assets.xcassets */ = {isa = PBXFileReference; lastKnownFileType = folder.assetcatalog; path = Assets.xcassets; sourceTree = "<group>"; };
		2AAF8DDF1C06A25D00E0C356 /* Base */ = {isa = PBXFileReference; lastKnownFileType = file.storyboard; name = Base; path = Base.lproj/LaunchScreen.storyboard; sourceTree = "<group>"; };
		2AAF8DE11C06A25D00E0C356 /* Info.plist */ = {isa = PBXFileReference; lastKnownFileType = text.plist.xml; path = Info.plist; sourceTree = "<group>"; };
		2AAF8DE61C06A25D00E0C356 /* Crow Quill Tests.xctest */ = {isa = PBXFileReference; explicitFileType = wrapper.cfbundle; includeInIndex = 0; path = "Crow Quill Tests.xctest"; sourceTree = BUILT_PRODUCTS_DIR; };
		2AAF8DEA1C06A25D00E0C356 /* Crow_QuillTests.swift */ = {isa = PBXFileReference; lastKnownFileType = sourcecode.swift; path = Crow_QuillTests.swift; sourceTree = "<group>"; };
		2AAF8DEC1C06A25D00E0C356 /* Info.plist */ = {isa = PBXFileReference; lastKnownFileType = text.plist.xml; path = Info.plist; sourceTree = "<group>"; };
		2AAF8DF11C06A25D00E0C356 /* Crow Quill UI Tests.xctest */ = {isa = PBXFileReference; explicitFileType = wrapper.cfbundle; includeInIndex = 0; path = "Crow Quill UI Tests.xctest"; sourceTree = BUILT_PRODUCTS_DIR; };
		2AAF8DF51C06A25D00E0C356 /* Crow_QuillUITests.swift */ = {isa = PBXFileReference; lastKnownFileType = sourcecode.swift; path = Crow_QuillUITests.swift; sourceTree = "<group>"; };
		2AAF8DF71C06A25D00E0C356 /* Info.plist */ = {isa = PBXFileReference; lastKnownFileType = text.plist.xml; path = Info.plist; sourceTree = "<group>"; };
		2AAF8E041C06A2AB00E0C356 /* Drawable.swift */ = {isa = PBXFileReference; fileEncoding = 4; lastKnownFileType = sourcecode.swift; path = Drawable.swift; sourceTree = "<group>"; };
		2AAF8E061C06A2BF00E0C356 /* Drawing.swift */ = {isa = PBXFileReference; fileEncoding = 4; lastKnownFileType = sourcecode.swift; path = Drawing.swift; sourceTree = "<group>"; };
		2AAF8E081C06A2DD00E0C356 /* ActiveDrawing.swift */ = {isa = PBXFileReference; fileEncoding = 4; lastKnownFileType = sourcecode.swift; path = ActiveDrawing.swift; sourceTree = "<group>"; };
		2AAF8E0A1C06A2FF00E0C356 /* Timeline.swift */ = {isa = PBXFileReference; fileEncoding = 4; lastKnownFileType = sourcecode.swift; path = Timeline.swift; sourceTree = "<group>"; };
		2AAF8E0C1C06A31000E0C356 /* SnapshotTimeline.swift */ = {isa = PBXFileReference; fileEncoding = 4; lastKnownFileType = sourcecode.swift; path = SnapshotTimeline.swift; sourceTree = "<group>"; };
		2AAF8E0E1C06A32500E0C356 /* Snapshot.swift */ = {isa = PBXFileReference; fileEncoding = 4; lastKnownFileType = sourcecode.swift; path = Snapshot.swift; sourceTree = "<group>"; };
		2AAF8E111C06A35700E0C356 /* Renderer.swift */ = {isa = PBXFileReference; fileEncoding = 4; lastKnownFileType = sourcecode.swift; path = Renderer.swift; sourceTree = "<group>"; };
		2AAF8E131C06A36D00E0C356 /* TestRenderer.swift */ = {isa = PBXFileReference; fileEncoding = 4; lastKnownFileType = sourcecode.swift; path = TestRenderer.swift; sourceTree = "<group>"; };
		2AAF8E151C06A37F00E0C356 /* UIRenderer.swift */ = {isa = PBXFileReference; fileEncoding = 4; lastKnownFileType = sourcecode.swift; path = UIRenderer.swift; sourceTree = "<group>"; };
		2AAF8E181C06A3A500E0C356 /* Point.swift */ = {isa = PBXFileReference; fileEncoding = 4; lastKnownFileType = sourcecode.swift; path = Point.swift; sourceTree = "<group>"; };
		2AAF8E1A1C06A3C200E0C356 /* LinearFixedPenStroke.swift */ = {isa = PBXFileReference; fileEncoding = 4; lastKnownFileType = sourcecode.swift; path = LinearFixedPenStroke.swift; sourceTree = "<group>"; };
		2AAF8E1C1C06A3DC00E0C356 /* SmoothFixedPenStroke.swift */ = {isa = PBXFileReference; fileEncoding = 4; lastKnownFileType = sourcecode.swift; path = SmoothFixedPenStroke.swift; sourceTree = "<group>"; };
		2AAF8E1E1C06A3E900E0C356 /* Stroke.swift */ = {isa = PBXFileReference; fileEncoding = 4; lastKnownFileType = sourcecode.swift; path = Stroke.swift; sourceTree = "<group>"; };
		2AAF8E201C06A41800E0C356 /* DrawingView.swift */ = {isa = PBXFileReference; fileEncoding = 4; lastKnownFileType = sourcecode.swift; path = DrawingView.swift; sourceTree = "<group>"; };
		2AAF8E221C06A43900E0C356 /* CanvasGestureDelegate.swift */ = {isa = PBXFileReference; fileEncoding = 4; lastKnownFileType = sourcecode.swift; path = CanvasGestureDelegate.swift; sourceTree = "<group>"; };
		2AAF8E291C06A51C00E0C356 /* TestRendererTests.swift */ = {isa = PBXFileReference; fileEncoding = 4; lastKnownFileType = sourcecode.swift; path = TestRendererTests.swift; sourceTree = "<group>"; };
		2AAF8E2E1C06A6CC00E0C356 /* DrawingTests.swift */ = {isa = PBXFileReference; fileEncoding = 4; lastKnownFileType = sourcecode.swift; path = DrawingTests.swift; sourceTree = "<group>"; };
		2AAF8E301C06A6EA00E0C356 /* SnapshotTimelineTests.swift */ = {isa = PBXFileReference; fileEncoding = 4; lastKnownFileType = sourcecode.swift; path = SnapshotTimelineTests.swift; sourceTree = "<group>"; };
		2AAF8E321C06A6FE00E0C356 /* TimelineTests.swift */ = {isa = PBXFileReference; fileEncoding = 4; lastKnownFileType = sourcecode.swift; path = TimelineTests.swift; sourceTree = "<group>"; };
		2AAF8E341C06A71200E0C356 /* LinearFixedPenStrokeTests.swift */ = {isa = PBXFileReference; fileEncoding = 4; lastKnownFileType = sourcecode.swift; path = LinearFixedPenStrokeTests.swift; sourceTree = "<group>"; };
		2AB438101C11E67A007AF436 /* PointTests.swift */ = {isa = PBXFileReference; fileEncoding = 4; lastKnownFileType = sourcecode.swift; path = PointTests.swift; sourceTree = "<group>"; };
		2AB438161C11F685007AF436 /* Workspace.swift */ = {isa = PBXFileReference; fileEncoding = 4; lastKnownFileType = sourcecode.swift; path = Workspace.swift; sourceTree = "<group>"; };
		2AB438181C1213F1007AF436 /* GuideCollection.swift */ = {isa = PBXFileReference; fileEncoding = 4; lastKnownFileType = sourcecode.swift; path = GuideCollection.swift; sourceTree = "<group>"; };
		2ACCA5D71C122DF6005CE39B /* RulerGuide.swift */ = {isa = PBXFileReference; fileEncoding = 4; lastKnownFileType = sourcecode.swift; path = RulerGuide.swift; sourceTree = "<group>"; };
/* End PBXFileReference section */

/* Begin PBXFrameworksBuildPhase section */
		2AAF8DCF1C06A25D00E0C356 /* Frameworks */ = {
			isa = PBXFrameworksBuildPhase;
			buildActionMask = 2147483647;
			files = (
			);
			runOnlyForDeploymentPostprocessing = 0;
		};
		2AAF8DE31C06A25D00E0C356 /* Frameworks */ = {
			isa = PBXFrameworksBuildPhase;
			buildActionMask = 2147483647;
			files = (
			);
			runOnlyForDeploymentPostprocessing = 0;
		};
		2AAF8DEE1C06A25D00E0C356 /* Frameworks */ = {
			isa = PBXFrameworksBuildPhase;
			buildActionMask = 2147483647;
			files = (
			);
			runOnlyForDeploymentPostprocessing = 0;
		};
/* End PBXFrameworksBuildPhase section */

/* Begin PBXGroup section */
		2A1CDDC71C0B5CFA0070D254 /* StrokeTransformations */ = {
			isa = PBXGroup;
			children = (
				2A1CDDCC1C0B5F0A0070D254 /* PerpendicularOutset.swift */,
				2A1CDDCA1C0B5DDA0070D254 /* StrokeTransformation.swift */,
				2A1245F91C0B9D53003064A6 /* ThreePointWeightAverage.swift */,
				2A1245F51C0B98FE003064A6 /* WeightedByVelocity.swift */,
				2A1967291C25D5220088D949 /* ActiveSpaceToCanvasSpace.swift */,
				2AA76F451C3F4D620058ABE5 /* ScaleWeights.swift */,
				2A76FFCD1C13C8F90027C447 /* ApplyRulerGuide.swift */,
			);
			name = StrokeTransformations;
			path = Strokes/StrokeTransformations;
			sourceTree = "<group>";
		};
		2A8321E01C0E77F900EADC0F /* Guides */ = {
			isa = PBXGroup;
			children = (
				2A8321E21C0E78FF00EADC0F /* Guide.swift */,
				2ACCA5D71C122DF6005CE39B /* RulerGuide.swift */,
				2A8321E81C110B9600EADC0F /* Handle.swift */,
				2AB438181C1213F1007AF436 /* GuideCollection.swift */,
			);
			path = Guides;
			sourceTree = "<group>";
		};
		2A8321E11C0E78DA00EADC0F /* Guide Tests */ = {
			isa = PBXGroup;
			children = (
				2A8321E41C0E790B00EADC0F /* GuideTests.swift */,
			);
			path = "Guide Tests";
			sourceTree = "<group>";
		};
		2AAF8DC91C06A25D00E0C356 = {
			isa = PBXGroup;
			children = (
				2AAF8DD41C06A25D00E0C356 /* Crow Quill */,
				2AAF8DD31C06A25D00E0C356 /* Products */,
				2AB438121C11F51D007AF436 /* Workspace */,
				2AAF8E101C06A33900E0C356 /* Renderers */,
				2AB438131C11F54D007AF436 /* Tests */,
			);
			sourceTree = "<group>";
		};
		2AAF8DD31C06A25D00E0C356 /* Products */ = {
			isa = PBXGroup;
			children = (
				2AAF8DD21C06A25D00E0C356 /* Crow Quill.app */,
				2AAF8DE61C06A25D00E0C356 /* Crow Quill Tests.xctest */,
				2AAF8DF11C06A25D00E0C356 /* Crow Quill UI Tests.xctest */,
			);
			name = Products;
			sourceTree = "<group>";
		};
		2AAF8DD41C06A25D00E0C356 /* Crow Quill */ = {
			isa = PBXGroup;
			children = (
				2A2074871C07BF1E003B0918 /* ActiveDrawingView.swift */,
				2AAF8E201C06A41800E0C356 /* DrawingView.swift */,
				2A8321E61C0FBF9400EADC0F /* GuideView.swift */,
				2AAF8DD71C06A25D00E0C356 /* ViewController.swift */,
				2AAF8E221C06A43900E0C356 /* CanvasGestureDelegate.swift */,
				2AAF8DD51C06A25D00E0C356 /* AppDelegate.swift */,
				2AAF8DDC1C06A25D00E0C356 /* Assets.xcassets */,
				2AAF8DE11C06A25D00E0C356 /* Info.plist */,
				2AAF8DDE1C06A25D00E0C356 /* LaunchScreen.storyboard */,
				2AAF8DD91C06A25D00E0C356 /* Main.storyboard */,
			);
			path = "Crow Quill";
			sourceTree = "<group>";
		};
		2AAF8DE91C06A25D00E0C356 /* Crow Quill Tests */ = {
			isa = PBXGroup;
			children = (
				2AAF8DEA1C06A25D00E0C356 /* Crow_QuillTests.swift */,
				2AAF8DEC1C06A25D00E0C356 /* Info.plist */,
			);
			path = "Crow Quill Tests";
			sourceTree = "<group>";
		};
		2AAF8DF41C06A25D00E0C356 /* Crow Quill UI Tests */ = {
			isa = PBXGroup;
			children = (
				2AAF8DF51C06A25D00E0C356 /* Crow_QuillUITests.swift */,
				2AAF8DF71C06A25D00E0C356 /* Info.plist */,
			);
			path = "Crow Quill UI Tests";
			sourceTree = "<group>";
		};
		2AAF8E031C06A27000E0C356 /* Drawing */ = {
			isa = PBXGroup;
			children = (
				2AAF8E061C06A2BF00E0C356 /* Drawing.swift */,
				2AAF8E0E1C06A32500E0C356 /* Snapshot.swift */,
				2AAF8E0C1C06A31000E0C356 /* SnapshotTimeline.swift */,
				2AAF8E0A1C06A2FF00E0C356 /* Timeline.swift */,
			);
			path = Drawing;
			sourceTree = "<group>";
		};
		2AAF8E101C06A33900E0C356 /* Renderers */ = {
			isa = PBXGroup;
			children = (
				2A1CDDC51C0B52A50070D254 /* CatmullRomRendererExtension.swift */,
				2A908D641C4020410004FA9E /* StampedStrokeRendererExtension.swift */,
				2AAF8E041C06A2AB00E0C356 /* Drawable.swift */,
				2AAF8E111C06A35700E0C356 /* Renderer.swift */,
				2A76FFCF1C149CAC0027C447 /* Color.swift */,
				2AAF8E131C06A36D00E0C356 /* TestRenderer.swift */,
				2AAF8E151C06A37F00E0C356 /* UIRenderer.swift */,
			);
			path = Renderers;
			sourceTree = "<group>";
		};
		2AAF8E171C06A38800E0C356 /* Strokes */ = {
			isa = PBXGroup;
			children = (
				2AAF8E1A1C06A3C200E0C356 /* LinearFixedPenStroke.swift */,
				2A20748D1C09FB0A003B0918 /* LinearVariablePenStroke.swift */,
				2AAF8E1C1C06A3DC00E0C356 /* SmoothFixedPenStroke.swift */,
				2A1967251C1CFB910088D949 /* SmoothFixedGuidedStroke.swift */,
				2A1967271C1D114F0088D949 /* SmoothVariableGuidedStroke.swift */,
				2A20748F1C0A3B20003B0918 /* SmoothVariablePenStroke.swift */,
				2AAF8E1E1C06A3E900E0C356 /* Stroke.swift */,
				2AA76F431C3F402E0058ABE5 /* StrokeSettings.swift */,
			);
			path = Strokes;
			sourceTree = "<group>";
		};
		2AAF8E251C06A4AD00E0C356 /* Drawing Tests */ = {
			isa = PBXGroup;
			children = (
				2A2074891C08AD81003B0918 /* ActiveDrawingTests.swift */,
				2A1245F31C0B77C5003064A6 /* ArrayExtensionTests.swift */,
				2AAF8E2E1C06A6CC00E0C356 /* DrawingTests.swift */,
				2AAF8E341C06A71200E0C356 /* LinearFixedPenStrokeTests.swift */,
				2A1CDDCE1C0B6E850070D254 /* PerpendicularOutsetTests.swift */,
				2AB438101C11E67A007AF436 /* PointTests.swift */,
				2A20748B1C08AD9E003B0918 /* SmoothFixedPenStrokeTests.swift */,
				2AAF8E301C06A6EA00E0C356 /* SnapshotTimelineTests.swift */,
				2AAF8E291C06A51C00E0C356 /* TestRendererTests.swift */,
				2A908D661C4053640004FA9E /* StampedStrokeRendererTests.swift */,
				2AAF8E321C06A6FE00E0C356 /* TimelineTests.swift */,
				2A1245F71C0B9AC1003064A6 /* WeightedByVelocityTests.swift */,
			);
			path = "Drawing Tests";
			sourceTree = "<group>";
		};
		2AB438121C11F51D007AF436 /* Workspace */ = {
			isa = PBXGroup;
			children = (
				2AAF8E031C06A27000E0C356 /* Drawing */,
				2A8321E01C0E77F900EADC0F /* Guides */,
				2A1CDDC71C0B5CFA0070D254 /* StrokeTransformations */,
				2AAF8E171C06A38800E0C356 /* Strokes */,
				2AAF8E081C06A2DD00E0C356 /* ActiveDrawing.swift */,
				2AAF8E181C06A3A500E0C356 /* Point.swift */,
				2AB438161C11F685007AF436 /* Workspace.swift */,
			);
			path = Workspace;
			sourceTree = "<group>";
		};
		2AB438131C11F54D007AF436 /* Tests */ = {
			isa = PBXGroup;
			children = (
				2AAF8DE91C06A25D00E0C356 /* Crow Quill Tests */,
				2AAF8DF41C06A25D00E0C356 /* Crow Quill UI Tests */,
				2AAF8E251C06A4AD00E0C356 /* Drawing Tests */,
				2A8321E11C0E78DA00EADC0F /* Guide Tests */,
			);
			path = Tests;
			sourceTree = "<group>";
		};
/* End PBXGroup section */

/* Begin PBXNativeTarget section */
		2AAF8DD11C06A25D00E0C356 /* Crow Quill */ = {
			isa = PBXNativeTarget;
			buildConfigurationList = 2AAF8DFA1C06A25D00E0C356 /* Build configuration list for PBXNativeTarget "Crow Quill" */;
			buildPhases = (
				2AAF8DCE1C06A25D00E0C356 /* Sources */,
				2AAF8DCF1C06A25D00E0C356 /* Frameworks */,
				2AAF8DD01C06A25D00E0C356 /* Resources */,
			);
			buildRules = (
			);
			dependencies = (
			);
			name = "Crow Quill";
			productName = "Crow Quill";
			productReference = 2AAF8DD21C06A25D00E0C356 /* Crow Quill.app */;
			productType = "com.apple.product-type.application";
		};
		2AAF8DE51C06A25D00E0C356 /* Crow Quill Tests */ = {
			isa = PBXNativeTarget;
			buildConfigurationList = 2AAF8DFD1C06A25D00E0C356 /* Build configuration list for PBXNativeTarget "Crow Quill Tests" */;
			buildPhases = (
				2AAF8DE21C06A25D00E0C356 /* Sources */,
				2AAF8DE31C06A25D00E0C356 /* Frameworks */,
				2AAF8DE41C06A25D00E0C356 /* Resources */,
			);
			buildRules = (
			);
			dependencies = (
				2AAF8DE81C06A25D00E0C356 /* PBXTargetDependency */,
			);
			name = "Crow Quill Tests";
			productName = "Crow QuillTests";
			productReference = 2AAF8DE61C06A25D00E0C356 /* Crow Quill Tests.xctest */;
			productType = "com.apple.product-type.bundle.unit-test";
		};
		2AAF8DF01C06A25D00E0C356 /* Crow Quill UI Tests */ = {
			isa = PBXNativeTarget;
			buildConfigurationList = 2AAF8E001C06A25D00E0C356 /* Build configuration list for PBXNativeTarget "Crow Quill UI Tests" */;
			buildPhases = (
				2AAF8DED1C06A25D00E0C356 /* Sources */,
				2AAF8DEE1C06A25D00E0C356 /* Frameworks */,
				2AAF8DEF1C06A25D00E0C356 /* Resources */,
			);
			buildRules = (
			);
			dependencies = (
				2AAF8DF31C06A25D00E0C356 /* PBXTargetDependency */,
			);
			name = "Crow Quill UI Tests";
			productName = "Crow QuillUITests";
			productReference = 2AAF8DF11C06A25D00E0C356 /* Crow Quill UI Tests.xctest */;
			productType = "com.apple.product-type.bundle.ui-testing";
		};
/* End PBXNativeTarget section */

/* Begin PBXProject section */
		2AAF8DCA1C06A25D00E0C356 /* Project object */ = {
			isa = PBXProject;
			attributes = {
				LastSwiftUpdateCheck = 0710;
				LastUpgradeCheck = 0710;
				ORGANIZATIONNAME = "Sam Bleckley";
				TargetAttributes = {
					2AAF8DD11C06A25D00E0C356 = {
						CreatedOnToolsVersion = 7.1.1;
						DevelopmentTeam = 5JV8UJL93W;
					};
					2AAF8DE51C06A25D00E0C356 = {
						CreatedOnToolsVersion = 7.1.1;
						DevelopmentTeam = 5JV8UJL93W;
						TestTargetID = 2AAF8DD11C06A25D00E0C356;
					};
					2AAF8DF01C06A25D00E0C356 = {
						CreatedOnToolsVersion = 7.1.1;
						DevelopmentTeam = 5JV8UJL93W;
						TestTargetID = 2AAF8DD11C06A25D00E0C356;
					};
				};
			};
			buildConfigurationList = 2AAF8DCD1C06A25D00E0C356 /* Build configuration list for PBXProject "Crow Quill" */;
			compatibilityVersion = "Xcode 3.2";
			developmentRegion = English;
			hasScannedForEncodings = 0;
			knownRegions = (
				en,
				Base,
			);
			mainGroup = 2AAF8DC91C06A25D00E0C356;
			productRefGroup = 2AAF8DD31C06A25D00E0C356 /* Products */;
			projectDirPath = "";
			projectRoot = "";
			targets = (
				2AAF8DD11C06A25D00E0C356 /* Crow Quill */,
				2AAF8DE51C06A25D00E0C356 /* Crow Quill Tests */,
				2AAF8DF01C06A25D00E0C356 /* Crow Quill UI Tests */,
			);
		};
/* End PBXProject section */

/* Begin PBXResourcesBuildPhase section */
		2AAF8DD01C06A25D00E0C356 /* Resources */ = {
			isa = PBXResourcesBuildPhase;
			buildActionMask = 2147483647;
			files = (
				2AAF8DE01C06A25D00E0C356 /* LaunchScreen.storyboard in Resources */,
				2AAF8DDD1C06A25D00E0C356 /* Assets.xcassets in Resources */,
				2AAF8DDB1C06A25D00E0C356 /* Main.storyboard in Resources */,
			);
			runOnlyForDeploymentPostprocessing = 0;
		};
		2AAF8DE41C06A25D00E0C356 /* Resources */ = {
			isa = PBXResourcesBuildPhase;
			buildActionMask = 2147483647;
			files = (
			);
			runOnlyForDeploymentPostprocessing = 0;
		};
		2AAF8DEF1C06A25D00E0C356 /* Resources */ = {
			isa = PBXResourcesBuildPhase;
			buildActionMask = 2147483647;
			files = (
			);
			runOnlyForDeploymentPostprocessing = 0;
		};
/* End PBXResourcesBuildPhase section */

/* Begin PBXSourcesBuildPhase section */
		2AAF8DCE1C06A25D00E0C356 /* Sources */ = {
			isa = PBXSourcesBuildPhase;
			buildActionMask = 2147483647;
			files = (
				2A1CDDCB1C0B5DDA0070D254 /* StrokeTransformation.swift in Sources */,
				2AAF8E0D1C06A31000E0C356 /* SnapshotTimeline.swift in Sources */,
				2AAF8E0F1C06A32500E0C356 /* Snapshot.swift in Sources */,
				2AB438171C11F685007AF436 /* Workspace.swift in Sources */,
				2AAF8E211C06A41800E0C356 /* DrawingView.swift in Sources */,
				2A2074881C07BF1E003B0918 /* ActiveDrawingView.swift in Sources */,
				2AAF8E2C1C06A58900E0C356 /* TestRenderer.swift in Sources */,
				2A8321E71C0FBF9400EADC0F /* GuideView.swift in Sources */,
				2AA76F461C3F4D620058ABE5 /* ScaleWeights.swift in Sources */,
				2A1245F61C0B98FE003064A6 /* WeightedByVelocity.swift in Sources */,
				2A1CDDCD1C0B5F0A0070D254 /* PerpendicularOutset.swift in Sources */,
				2ACCA5D81C122DF6005CE39B /* RulerGuide.swift in Sources */,
				2AA76F441C3F402E0058ABE5 /* StrokeSettings.swift in Sources */,
				2AB438191C1213F1007AF436 /* GuideCollection.swift in Sources */,
				2A19672A1C25D5220088D949 /* ActiveSpaceToCanvasSpace.swift in Sources */,
				2AAF8E1B1C06A3C200E0C356 /* LinearFixedPenStroke.swift in Sources */,
				2A8321E31C0E78FF00EADC0F /* Guide.swift in Sources */,
				2AAF8E161C06A37F00E0C356 /* UIRenderer.swift in Sources */,
				2AAF8E0B1C06A2FF00E0C356 /* Timeline.swift in Sources */,
				2AAF8E231C06A43900E0C356 /* CanvasGestureDelegate.swift in Sources */,
				2A1CDDC61C0B52A50070D254 /* CatmullRomRendererExtension.swift in Sources */,
				2AAF8E1D1C06A3DC00E0C356 /* SmoothFixedPenStroke.swift in Sources */,
				2AAF8E1F1C06A3E900E0C356 /* Stroke.swift in Sources */,
				2A8321E91C110B9600EADC0F /* Handle.swift in Sources */,
				2AAF8E091C06A2DD00E0C356 /* ActiveDrawing.swift in Sources */,
				2A908D651C4020410004FA9E /* StampedStrokeRendererExtension.swift in Sources */,
				2A76FFCE1C13C8F90027C447 /* ApplyRulerGuide.swift in Sources */,
				2AAF8E071C06A2BF00E0C356 /* Drawing.swift in Sources */,
				2A20748E1C09FB0A003B0918 /* LinearVariablePenStroke.swift in Sources */,
				2AAF8E051C06A2AB00E0C356 /* Drawable.swift in Sources */,
				2A1967261C1CFB910088D949 /* SmoothFixedGuidedStroke.swift in Sources */,
				2A2074901C0A3B20003B0918 /* SmoothVariablePenStroke.swift in Sources */,
				2A76FFD01C149CAC0027C447 /* Color.swift in Sources */,
				2A1967281C1D114F0088D949 /* SmoothVariableGuidedStroke.swift in Sources */,
				2AAF8DD81C06A25D00E0C356 /* ViewController.swift in Sources */,
				2AAF8E121C06A35700E0C356 /* Renderer.swift in Sources */,
				2AAF8E191C06A3A500E0C356 /* Point.swift in Sources */,
				2A1245FA1C0B9D53003064A6 /* ThreePointWeightAverage.swift in Sources */,
				2AAF8DD61C06A25D00E0C356 /* AppDelegate.swift in Sources */,
			);
			runOnlyForDeploymentPostprocessing = 0;
		};
		2AAF8DE21C06A25D00E0C356 /* Sources */ = {
			isa = PBXSourcesBuildPhase;
			buildActionMask = 2147483647;
			files = (
				2AAF8E2D1C06A59700E0C356 /* TestRendererTests.swift in Sources */,
				2A8321E51C0E790B00EADC0F /* GuideTests.swift in Sources */,
				2A20748A1C08AD81003B0918 /* ActiveDrawingTests.swift in Sources */,
				2A1CDDCF1C0B6E850070D254 /* PerpendicularOutsetTests.swift in Sources */,
				2AB438111C11E67A007AF436 /* PointTests.swift in Sources */,
				2A1245F81C0B9AC1003064A6 /* WeightedByVelocityTests.swift in Sources */,
				2A1245F41C0B77C5003064A6 /* ArrayExtensionTests.swift in Sources */,
				2A20748C1C08AD9E003B0918 /* SmoothFixedPenStrokeTests.swift in Sources */,
				2AAF8E361C06A72700E0C356 /* SnapshotTimelineTests.swift in Sources */,
				2AAF8DEB1C06A25D00E0C356 /* Crow_QuillTests.swift in Sources */,
				2AAF8E331C06A6FE00E0C356 /* TimelineTests.swift in Sources */,
				2AAF8E371C06A72A00E0C356 /* DrawingTests.swift in Sources */,
				2A908D681C4053810004FA9E /* StampedStrokeRendererTests.swift in Sources */,
				2AAF8E351C06A71200E0C356 /* LinearFixedPenStrokeTests.swift in Sources */,
			);
			runOnlyForDeploymentPostprocessing = 0;
		};
		2AAF8DED1C06A25D00E0C356 /* Sources */ = {
			isa = PBXSourcesBuildPhase;
			buildActionMask = 2147483647;
			files = (
				2AAF8DF61C06A25D00E0C356 /* Crow_QuillUITests.swift in Sources */,
			);
			runOnlyForDeploymentPostprocessing = 0;
		};
/* End PBXSourcesBuildPhase section */

/* Begin PBXTargetDependency section */
		2AAF8DE81C06A25D00E0C356 /* PBXTargetDependency */ = {
			isa = PBXTargetDependency;
			target = 2AAF8DD11C06A25D00E0C356 /* Crow Quill */;
			targetProxy = 2AAF8DE71C06A25D00E0C356 /* PBXContainerItemProxy */;
		};
		2AAF8DF31C06A25D00E0C356 /* PBXTargetDependency */ = {
			isa = PBXTargetDependency;
			target = 2AAF8DD11C06A25D00E0C356 /* Crow Quill */;
			targetProxy = 2AAF8DF21C06A25D00E0C356 /* PBXContainerItemProxy */;
		};
/* End PBXTargetDependency section */

/* Begin PBXVariantGroup section */
		2AAF8DD91C06A25D00E0C356 /* Main.storyboard */ = {
			isa = PBXVariantGroup;
			children = (
				2AAF8DDA1C06A25D00E0C356 /* Base */,
			);
			name = Main.storyboard;
			path = .;
			sourceTree = "<group>";
		};
		2AAF8DDE1C06A25D00E0C356 /* LaunchScreen.storyboard */ = {
			isa = PBXVariantGroup;
			children = (
				2AAF8DDF1C06A25D00E0C356 /* Base */,
			);
			name = LaunchScreen.storyboard;
			path = .;
			sourceTree = "<group>";
		};
/* End PBXVariantGroup section */

/* Begin XCBuildConfiguration section */
		2AAF8DF81C06A25D00E0C356 /* Debug */ = {
			isa = XCBuildConfiguration;
			buildSettings = {
				ALWAYS_SEARCH_USER_PATHS = NO;
				CLANG_CXX_LANGUAGE_STANDARD = "gnu++0x";
				CLANG_CXX_LIBRARY = "libc++";
				CLANG_ENABLE_MODULES = YES;
				CLANG_ENABLE_OBJC_ARC = YES;
				CLANG_WARN_BOOL_CONVERSION = YES;
				CLANG_WARN_CONSTANT_CONVERSION = YES;
				CLANG_WARN_DIRECT_OBJC_ISA_USAGE = YES_ERROR;
				CLANG_WARN_EMPTY_BODY = YES;
				CLANG_WARN_ENUM_CONVERSION = YES;
				CLANG_WARN_INT_CONVERSION = YES;
				CLANG_WARN_OBJC_ROOT_CLASS = YES_ERROR;
				CLANG_WARN_UNREACHABLE_CODE = YES;
				CLANG_WARN__DUPLICATE_METHOD_MATCH = YES;
				"CODE_SIGN_IDENTITY[sdk=iphoneos*]" = "iPhone Developer";
				COPY_PHASE_STRIP = NO;
				DEBUG_INFORMATION_FORMAT = dwarf;
				ENABLE_STRICT_OBJC_MSGSEND = YES;
				ENABLE_TESTABILITY = YES;
				GCC_C_LANGUAGE_STANDARD = gnu99;
				GCC_DYNAMIC_NO_PIC = NO;
				GCC_NO_COMMON_BLOCKS = YES;
				GCC_OPTIMIZATION_LEVEL = 0;
				GCC_PREPROCESSOR_DEFINITIONS = (
					"DEBUG=1",
					"$(inherited)",
				);
				GCC_WARN_64_TO_32_BIT_CONVERSION = YES;
				GCC_WARN_ABOUT_RETURN_TYPE = YES_ERROR;
				GCC_WARN_UNDECLARED_SELECTOR = YES;
				GCC_WARN_UNINITIALIZED_AUTOS = YES_AGGRESSIVE;
				GCC_WARN_UNUSED_FUNCTION = YES;
				GCC_WARN_UNUSED_VARIABLE = YES;
				IPHONEOS_DEPLOYMENT_TARGET = 9.1;
				MTL_ENABLE_DEBUG_INFO = YES;
				ONLY_ACTIVE_ARCH = YES;
				SDKROOT = iphoneos;
				SWIFT_OPTIMIZATION_LEVEL = "-Onone";
				TARGETED_DEVICE_FAMILY = "1,2";
			};
			name = Debug;
		};
		2AAF8DF91C06A25D00E0C356 /* Release */ = {
			isa = XCBuildConfiguration;
			buildSettings = {
				ALWAYS_SEARCH_USER_PATHS = NO;
				CLANG_CXX_LANGUAGE_STANDARD = "gnu++0x";
				CLANG_CXX_LIBRARY = "libc++";
				CLANG_ENABLE_MODULES = YES;
				CLANG_ENABLE_OBJC_ARC = YES;
				CLANG_WARN_BOOL_CONVERSION = YES;
				CLANG_WARN_CONSTANT_CONVERSION = YES;
				CLANG_WARN_DIRECT_OBJC_ISA_USAGE = YES_ERROR;
				CLANG_WARN_EMPTY_BODY = YES;
				CLANG_WARN_ENUM_CONVERSION = YES;
				CLANG_WARN_INT_CONVERSION = YES;
				CLANG_WARN_OBJC_ROOT_CLASS = YES_ERROR;
				CLANG_WARN_UNREACHABLE_CODE = YES;
				CLANG_WARN__DUPLICATE_METHOD_MATCH = YES;
				"CODE_SIGN_IDENTITY[sdk=iphoneos*]" = "iPhone Developer";
				COPY_PHASE_STRIP = NO;
				DEBUG_INFORMATION_FORMAT = "dwarf-with-dsym";
				ENABLE_NS_ASSERTIONS = NO;
				ENABLE_STRICT_OBJC_MSGSEND = YES;
				GCC_C_LANGUAGE_STANDARD = gnu99;
				GCC_NO_COMMON_BLOCKS = YES;
				GCC_WARN_64_TO_32_BIT_CONVERSION = YES;
				GCC_WARN_ABOUT_RETURN_TYPE = YES_ERROR;
				GCC_WARN_UNDECLARED_SELECTOR = YES;
				GCC_WARN_UNINITIALIZED_AUTOS = YES_AGGRESSIVE;
				GCC_WARN_UNUSED_FUNCTION = YES;
				GCC_WARN_UNUSED_VARIABLE = YES;
				IPHONEOS_DEPLOYMENT_TARGET = 9.1;
				MTL_ENABLE_DEBUG_INFO = NO;
				SDKROOT = iphoneos;
				TARGETED_DEVICE_FAMILY = "1,2";
				VALIDATE_PRODUCT = YES;
			};
			name = Release;
		};
		2AAF8DFB1C06A25D00E0C356 /* Debug */ = {
			isa = XCBuildConfiguration;
			buildSettings = {
				ASSETCATALOG_COMPILER_APPICON_NAME = AppIcon;
				INFOPLIST_FILE = "Crow Quill/Info.plist";
				LD_RUNPATH_SEARCH_PATHS = "$(inherited) @executable_path/Frameworks";
				PRODUCT_BUNDLE_IDENTIFIER = "org.diiq.Crow-Quill";
				PRODUCT_NAME = "$(TARGET_NAME)";
				PROVISIONING_PROFILE = "";
			};
			name = Debug;
		};
		2AAF8DFC1C06A25D00E0C356 /* Release */ = {
			isa = XCBuildConfiguration;
			buildSettings = {
				ASSETCATALOG_COMPILER_APPICON_NAME = AppIcon;
				INFOPLIST_FILE = "Crow Quill/Info.plist";
				LD_RUNPATH_SEARCH_PATHS = "$(inherited) @executable_path/Frameworks";
				PRODUCT_BUNDLE_IDENTIFIER = "org.diiq.Crow-Quill";
				PRODUCT_NAME = "$(TARGET_NAME)";
				PROVISIONING_PROFILE = "";
			};
			name = Release;
		};
		2AAF8DFE1C06A25D00E0C356 /* Debug */ = {
			isa = XCBuildConfiguration;
			buildSettings = {
				BUNDLE_LOADER = "$(TEST_HOST)";
				INFOPLIST_FILE = "Tests/Crow Quill Tests/Info.plist";
				LD_RUNPATH_SEARCH_PATHS = "$(inherited) @executable_path/Frameworks @loader_path/Frameworks";
				PRODUCT_BUNDLE_IDENTIFIER = "org.diiq.Crow-QuillTests";
				PRODUCT_NAME = "$(TARGET_NAME)";
				TEST_HOST = "$(BUILT_PRODUCTS_DIR)/Crow Quill.app/Crow Quill";
			};
			name = Debug;
		};
		2AAF8DFF1C06A25D00E0C356 /* Release */ = {
			isa = XCBuildConfiguration;
			buildSettings = {
				BUNDLE_LOADER = "$(TEST_HOST)";
				INFOPLIST_FILE = "Tests/Crow Quill Tests/Info.plist";
				LD_RUNPATH_SEARCH_PATHS = "$(inherited) @executable_path/Frameworks @loader_path/Frameworks";
				PRODUCT_BUNDLE_IDENTIFIER = "org.diiq.Crow-QuillTests";
				PRODUCT_NAME = "$(TARGET_NAME)";
				TEST_HOST = "$(BUILT_PRODUCTS_DIR)/Crow Quill.app/Crow Quill";
			};
			name = Release;
		};
		2AAF8E011C06A25D00E0C356 /* Debug */ = {
			isa = XCBuildConfiguration;
			buildSettings = {
				INFOPLIST_FILE = "Tests/Crow Quill UI Tests/Info.plist";
				LD_RUNPATH_SEARCH_PATHS = "$(inherited) @executable_path/Frameworks @loader_path/Frameworks";
				PRODUCT_BUNDLE_IDENTIFIER = "org.diiq.Crow-QuillUITests";
				PRODUCT_NAME = "$(TARGET_NAME)";
				TEST_TARGET_NAME = "Crow Quill";
				USES_XCTRUNNER = YES;
			};
			name = Debug;
		};
		2AAF8E021C06A25D00E0C356 /* Release */ = {
			isa = XCBuildConfiguration;
			buildSettings = {
				INFOPLIST_FILE = "Tests/Crow Quill UI Tests/Info.plist";
				LD_RUNPATH_SEARCH_PATHS = "$(inherited) @executable_path/Frameworks @loader_path/Frameworks";
				PRODUCT_BUNDLE_IDENTIFIER = "org.diiq.Crow-QuillUITests";
				PRODUCT_NAME = "$(TARGET_NAME)";
				TEST_TARGET_NAME = "Crow Quill";
				USES_XCTRUNNER = YES;
			};
			name = Release;
		};
/* End XCBuildConfiguration section */

/* Begin XCConfigurationList section */
		2AAF8DCD1C06A25D00E0C356 /* Build configuration list for PBXProject "Crow Quill" */ = {
			isa = XCConfigurationList;
			buildConfigurations = (
				2AAF8DF81C06A25D00E0C356 /* Debug */,
				2AAF8DF91C06A25D00E0C356 /* Release */,
			);
			defaultConfigurationIsVisible = 0;
			defaultConfigurationName = Release;
		};
		2AAF8DFA1C06A25D00E0C356 /* Build configuration list for PBXNativeTarget "Crow Quill" */ = {
			isa = XCConfigurationList;
			buildConfigurations = (
				2AAF8DFB1C06A25D00E0C356 /* Debug */,
				2AAF8DFC1C06A25D00E0C356 /* Release */,
			);
			defaultConfigurationIsVisible = 0;
			defaultConfigurationName = Release;
		};
		2AAF8DFD1C06A25D00E0C356 /* Build configuration list for PBXNativeTarget "Crow Quill Tests" */ = {
			isa = XCConfigurationList;
			buildConfigurations = (
				2AAF8DFE1C06A25D00E0C356 /* Debug */,
				2AAF8DFF1C06A25D00E0C356 /* Release */,
			);
			defaultConfigurationIsVisible = 0;
			defaultConfigurationName = Release;
		};
		2AAF8E001C06A25D00E0C356 /* Build configuration list for PBXNativeTarget "Crow Quill UI Tests" */ = {
			isa = XCConfigurationList;
			buildConfigurations = (
				2AAF8E011C06A25D00E0C356 /* Debug */,
				2AAF8E021C06A25D00E0C356 /* Release */,
			);
			defaultConfigurationIsVisible = 0;
			defaultConfigurationName = Release;
		};
/* End XCConfigurationList section */
	};
	rootObject = 2AAF8DCA1C06A25D00E0C356 /* Project object */;
}
